// !$*UTF8*$!
{
	archiveVersion = 1;
	classes = {
	};
	objectVersion = 46;
	objects = {

/* Begin PBXBuildFile section */
		160203A013F5E26400749F1C /* DetailSummaryViewCell.m in Sources */ = {isa = PBXBuildFile; fileRef = 1602039F13F5E26400749F1C /* DetailSummaryViewCell.m */; };
		160203A513F5E4E900749F1C /* car.png in Resources */ = {isa = PBXBuildFile; fileRef = 160203A113F5E4E900749F1C /* car.png */; };
		160203A613F5E4E900749F1C /* car@2x.png in Resources */ = {isa = PBXBuildFile; fileRef = 160203A213F5E4E900749F1C /* car@2x.png */; };
		160ED0B913CA41E5001021F7 /* FileHelpers.m in Sources */ = {isa = PBXBuildFile; fileRef = 160ED0B813CA41E5001021F7 /* FileHelpers.m */; };
		161100A913EA035D00D2D2FC /* chart.png in Resources */ = {isa = PBXBuildFile; fileRef = 161100A513EA035D00D2D2FC /* chart.png */; };
		161100AA13EA035D00D2D2FC /* chart@2x.png in Resources */ = {isa = PBXBuildFile; fileRef = 161100A613EA035D00D2D2FC /* chart@2x.png */; };
		161100AB13EA035D00D2D2FC /* money.png in Resources */ = {isa = PBXBuildFile; fileRef = 161100A713EA035D00D2D2FC /* money.png */; };
		161100AC13EA035D00D2D2FC /* money@2x.png in Resources */ = {isa = PBXBuildFile; fileRef = 161100A813EA035D00D2D2FC /* money@2x.png */; };
		161F956713BA3BCF00DE5E5C /* TypeInputViewController.m in Sources */ = {isa = PBXBuildFile; fileRef = 161F956613BA3BCF00DE5E5C /* TypeInputViewController.m */; };
		161F956913BA3C0400DE5E5C /* TypeInputViewController.xib in Resources */ = {isa = PBXBuildFile; fileRef = 161F956813BA3C0400DE5E5C /* TypeInputViewController.xib */; };
		161F956C13BA474C00DE5E5C /* PriceInputViewController.m in Sources */ = {isa = PBXBuildFile; fileRef = 161F956B13BA474B00DE5E5C /* PriceInputViewController.m */; };
		161F956E13BA479300DE5E5C /* PriceInputViewController.xib in Resources */ = {isa = PBXBuildFile; fileRef = 161F956D13BA479300DE5E5C /* PriceInputViewController.xib */; };
		1620146D13E32D4B00EDFF2B /* MPGDatabase.sqlite in Resources */ = {isa = PBXBuildFile; fileRef = 1620146C13E32D4B00EDFF2B /* MPGDatabase.sqlite */; };
		1620147013E32DDA00EDFF2B /* CoreData.framework in Frameworks */ = {isa = PBXBuildFile; fileRef = 1620146F13E32DDA00EDFF2B /* CoreData.framework */; };
		1620147513E32ECD00EDFF2B /* VehicleDetailsViewController.m in Sources */ = {isa = PBXBuildFile; fileRef = 1620147213E32ECD00EDFF2B /* VehicleDetailsViewController.m */; };
		1620147613E32ECD00EDFF2B /* VehicleSelectViewController.m in Sources */ = {isa = PBXBuildFile; fileRef = 1620147413E32ECD00EDFF2B /* VehicleSelectViewController.m */; };
		1620147913E32EE700EDFF2B /* VehicleDetailsViewController.xib in Resources */ = {isa = PBXBuildFile; fileRef = 1620147713E32EE700EDFF2B /* VehicleDetailsViewController.xib */; };
		1620147A13E32EE700EDFF2B /* VehicleSelectViewController.xib in Resources */ = {isa = PBXBuildFile; fileRef = 1620147813E32EE700EDFF2B /* VehicleSelectViewController.xib */; };
		162535CF13E32B4000162B7A /* MPGDatabaseInfo.m in Sources */ = {isa = PBXBuildFile; fileRef = 162535CC13E32B4000162B7A /* MPGDatabaseInfo.m */; };
		162535D013E32B4000162B7A /* RLCoreDataObject.m in Sources */ = {isa = PBXBuildFile; fileRef = 162535CE13E32B4000162B7A /* RLCoreDataObject.m */; };
		162535D413E32B9200162B7A /* MPGDatabase.xcdatamodeld in Sources */ = {isa = PBXBuildFile; fileRef = 162535D213E32B9200162B7A /* MPGDatabase.xcdatamodeld */; };
		1628039C13F0361F00848A31 /* NSDictionary+Section.m in Sources */ = {isa = PBXBuildFile; fileRef = 1628039B13F0361F00848A31 /* NSDictionary+Section.m */; };
		1631568F13F6DD740032210F /* details.png in Resources */ = {isa = PBXBuildFile; fileRef = 1631568D13F6DD740032210F /* details.png */; };
		1631569013F6DD740032210F /* details@2x.png in Resources */ = {isa = PBXBuildFile; fileRef = 1631568E13F6DD740032210F /* details@2x.png */; };
		1635AFD813D0C549005FC8EB /* CurrentTripViewController.m in Sources */ = {isa = PBXBuildFile; fileRef = 1635AFD713D0C549005FC8EB /* CurrentTripViewController.m */; };
		1635AFDA13D0D51F005FC8EB /* CurrentTripViewController.xib in Resources */ = {isa = PBXBuildFile; fileRef = 1635AFD913D0D51F005FC8EB /* CurrentTripViewController.xib */; };
		16376D8413F5B961002E0036 /* DetailView.m in Sources */ = {isa = PBXBuildFile; fileRef = 16376D8313F5B961002E0036 /* DetailView.m */; };
		16376D8813F5C690002E0036 /* DetailSummaryView.m in Sources */ = {isa = PBXBuildFile; fileRef = 16376D8713F5C690002E0036 /* DetailSummaryView.m */; };
		1640EC1713BE137F008190C1 /* EfficiencyInputViewController.m in Sources */ = {isa = PBXBuildFile; fileRef = 1640EC1613BE137F008190C1 /* EfficiencyInputViewController.m */; };
		1640EC1A13BE13A7008190C1 /* EfficiencyInputViewController.xib in Resources */ = {isa = PBXBuildFile; fileRef = 1640EC1913BE13A7008190C1 /* EfficiencyInputViewController.xib */; };
		1641350513ECA5ED00BFD3DD /* add.png in Resources */ = {isa = PBXBuildFile; fileRef = 1641350313ECA5ED00BFD3DD /* add.png */; };
		1641350613ECA5ED00BFD3DD /* add@2x.png in Resources */ = {isa = PBXBuildFile; fileRef = 1641350413ECA5ED00BFD3DD /* add@2x.png */; };
		1643A65A13E9B8F9005F2F1F /* TotalDetailViewCell.m in Sources */ = {isa = PBXBuildFile; fileRef = 1643A65913E9B8F9005F2F1F /* TotalDetailViewCell.m */; };
		1654418E13CC88690060D1C3 /* savings_tab.png in Resources */ = {isa = PBXBuildFile; fileRef = 1654418C13CC88690060D1C3 /* savings_tab.png */; };
		1654418F13CC88690060D1C3 /* savings_tab@2x.png in Resources */ = {isa = PBXBuildFile; fileRef = 1654418D13CC88690060D1C3 /* savings_tab@2x.png */; };
		1658291313B9262100BC5219 /* CurrentSavingsViewController.m in Sources */ = {isa = PBXBuildFile; fileRef = 1658291213B9262100BC5219 /* CurrentSavingsViewController.m */; };
		1658291513B9264700BC5219 /* CurrentSavingsViewController.xib in Resources */ = {isa = PBXBuildFile; fileRef = 1658291413B9264700BC5219 /* CurrentSavingsViewController.xib */; };
		165ACFB413B937D200A2AD3E /* topbar.png in Resources */ = {isa = PBXBuildFile; fileRef = 165ACFB213B937D200A2AD3E /* topbar.png */; };
		165ACFB513B937D200A2AD3E /* topbar@2x.png in Resources */ = {isa = PBXBuildFile; fileRef = 165ACFB313B937D200A2AD3E /* topbar@2x.png */; };
		165ACFD913B9737A00A2AD3E /* fuel_tab.png in Resources */ = {isa = PBXBuildFile; fileRef = 165ACFD113B9737A00A2AD3E /* fuel_tab.png */; };
		165ACFDA13B9737A00A2AD3E /* fuel_tab@2x.png in Resources */ = {isa = PBXBuildFile; fileRef = 165ACFD213B9737A00A2AD3E /* fuel_tab@2x.png */; };
		165ACFDB13B9737A00A2AD3E /* mpg_tab.png in Resources */ = {isa = PBXBuildFile; fileRef = 165ACFD313B9737A00A2AD3E /* mpg_tab.png */; };
		165ACFDC13B9737A00A2AD3E /* mpg_tab@2x.png in Resources */ = {isa = PBXBuildFile; fileRef = 165ACFD413B9737A00A2AD3E /* mpg_tab@2x.png */; };
		165ACFDF13B9737A00A2AD3E /* settings_tab.png in Resources */ = {isa = PBXBuildFile; fileRef = 165ACFD713B9737A00A2AD3E /* settings_tab.png */; };
		165ACFE013B9737A00A2AD3E /* settings_tab@2x.png in Resources */ = {isa = PBXBuildFile; fileRef = 165ACFD813B9737A00A2AD3E /* settings_tab@2x.png */; };
		1666FCF013B8FA8B00FC97F1 /* UIKit.framework in Frameworks */ = {isa = PBXBuildFile; fileRef = 1666FCEF13B8FA8B00FC97F1 /* UIKit.framework */; };
		1666FCF213B8FA8B00FC97F1 /* Foundation.framework in Frameworks */ = {isa = PBXBuildFile; fileRef = 1666FCF113B8FA8B00FC97F1 /* Foundation.framework */; };
		1666FCF413B8FA8B00FC97F1 /* CoreGraphics.framework in Frameworks */ = {isa = PBXBuildFile; fileRef = 1666FCF313B8FA8B00FC97F1 /* CoreGraphics.framework */; };
		1666FCFA13B8FA8B00FC97F1 /* InfoPlist.strings in Resources */ = {isa = PBXBuildFile; fileRef = 1666FCF813B8FA8B00FC97F1 /* InfoPlist.strings */; };
		1666FCFD13B8FA8B00FC97F1 /* main.m in Sources */ = {isa = PBXBuildFile; fileRef = 1666FCFC13B8FA8B00FC97F1 /* main.m */; };
		1666FD0013B8FA8B00FC97F1 /* Fuel_SavingsAppDelegate.m in Sources */ = {isa = PBXBuildFile; fileRef = 1666FCFF13B8FA8B00FC97F1 /* Fuel_SavingsAppDelegate.m */; };
		1666FD0313B8FA8B00FC97F1 /* MainWindow.xib in Resources */ = {isa = PBXBuildFile; fileRef = 1666FD0113B8FA8B00FC97F1 /* MainWindow.xib */; };
		1666FD1013B8FAC500FC97F1 /* Icon-72.png in Resources */ = {isa = PBXBuildFile; fileRef = 1666FD0913B8FAC500FC97F1 /* Icon-72.png */; };
		1666FD1113B8FAC500FC97F1 /* Icon-Small-50.png in Resources */ = {isa = PBXBuildFile; fileRef = 1666FD0A13B8FAC500FC97F1 /* Icon-Small-50.png */; };
		1666FD1213B8FAC500FC97F1 /* Icon-Small.png in Resources */ = {isa = PBXBuildFile; fileRef = 1666FD0B13B8FAC500FC97F1 /* Icon-Small.png */; };
		1666FD1313B8FAC500FC97F1 /* Icon-Small@2x.png in Resources */ = {isa = PBXBuildFile; fileRef = 1666FD0C13B8FAC500FC97F1 /* Icon-Small@2x.png */; };
		1666FD1613B8FAC500FC97F1 /* iTunesArtwork.png in Resources */ = {isa = PBXBuildFile; fileRef = 1666FD0F13B8FAC500FC97F1 /* iTunesArtwork.png */; };
		1666FD1D13B8FB4D00FC97F1 /* Savings.m in Sources */ = {isa = PBXBuildFile; fileRef = 1666FD1C13B8FB4D00FC97F1 /* Savings.m */; };
		1666FD2013B8FB5D00FC97F1 /* Vehicle.m in Sources */ = {isa = PBXBuildFile; fileRef = 1666FD1F13B8FB5D00FC97F1 /* Vehicle.m */; };
		1666FD2B13B9108B00FC97F1 /* FuelSavingsViewController.m in Sources */ = {isa = PBXBuildFile; fileRef = 1666FD2A13B9108B00FC97F1 /* FuelSavingsViewController.m */; };
		1666FD2F13B910D300FC97F1 /* MySavingsViewController.m in Sources */ = {isa = PBXBuildFile; fileRef = 1666FD2E13B910D300FC97F1 /* MySavingsViewController.m */; };
		1666FD3513B9111300FC97F1 /* SettingsViewController.m in Sources */ = {isa = PBXBuildFile; fileRef = 1666FD3413B9111300FC97F1 /* SettingsViewController.m */; };
		1666FD3713B911A400FC97F1 /* FuelSavingsViewController.xib in Resources */ = {isa = PBXBuildFile; fileRef = 1666FD3613B911A400FC97F1 /* FuelSavingsViewController.xib */; };
		1666FD3913B911B900FC97F1 /* MySavingsViewController.xib in Resources */ = {isa = PBXBuildFile; fileRef = 1666FD3813B911B900FC97F1 /* MySavingsViewController.xib */; };
		1666FD3D13B9127B00FC97F1 /* SettingsViewController.xib in Resources */ = {isa = PBXBuildFile; fileRef = 1666FD3C13B9127B00FC97F1 /* SettingsViewController.xib */; };
		16807DFC13F1EFCE00D1F51D /* piggy_tab.png in Resources */ = {isa = PBXBuildFile; fileRef = 16807DF613F1EFCE00D1F51D /* piggy_tab.png */; };
		16807DFD13F1EFCE00D1F51D /* piggy_tab@2x.png in Resources */ = {isa = PBXBuildFile; fileRef = 16807DF713F1EFCE00D1F51D /* piggy_tab@2x.png */; };
		16807E0F13F1F59100D1F51D /* Icon.png in Resources */ = {isa = PBXBuildFile; fileRef = 16807E0D13F1F59100D1F51D /* Icon.png */; };
		16807E1013F1F59100D1F51D /* Icon@2x.png in Resources */ = {isa = PBXBuildFile; fileRef = 16807E0E13F1F59100D1F51D /* Icon@2x.png */; };
		16807E1713F1F68900D1F51D /* tags.png in Resources */ = {isa = PBXBuildFile; fileRef = 16807E1313F1F68900D1F51D /* tags.png */; };
		16807E1813F1F68900D1F51D /* tags@2x.png in Resources */ = {isa = PBXBuildFile; fileRef = 16807E1413F1F68900D1F51D /* tags@2x.png */; };
		16807E1B13F1F9A200D1F51D /* navigation.png in Resources */ = {isa = PBXBuildFile; fileRef = 16807E1913F1F9A200D1F51D /* navigation.png */; };
		16807E1C13F1F9A200D1F51D /* navigation@2x.png in Resources */ = {isa = PBXBuildFile; fileRef = 16807E1A13F1F9A200D1F51D /* navigation@2x.png */; };
		16807F5913BE9E430036F89E /* TripViewController.m in Sources */ = {isa = PBXBuildFile; fileRef = 16807F5813BE9E430036F89E /* TripViewController.m */; };
		16807F5C13BE9E660036F89E /* TripViewController.xib in Resources */ = {isa = PBXBuildFile; fileRef = 16807F5B13BE9E660036F89E /* TripViewController.xib */; };
		16807F6313BEA0AE0036F89E /* compare_tab.png in Resources */ = {isa = PBXBuildFile; fileRef = 16807F5D13BEA0AE0036F89E /* compare_tab.png */; };
		16807F6413BEA0AE0036F89E /* compare_tab@2x.png in Resources */ = {isa = PBXBuildFile; fileRef = 16807F5E13BEA0AE0036F89E /* compare_tab@2x.png */; };
		16807F6513BEA0AE0036F89E /* saved_tab.png in Resources */ = {isa = PBXBuildFile; fileRef = 16807F5F13BEA0AE0036F89E /* saved_tab.png */; };
		16807F6613BEA0AE0036F89E /* saved_tab@2x.png in Resources */ = {isa = PBXBuildFile; fileRef = 16807F6013BEA0AE0036F89E /* saved_tab@2x.png */; };
		16807F6713BEA0AE0036F89E /* trip_tab.png in Resources */ = {isa = PBXBuildFile; fileRef = 16807F6113BEA0AE0036F89E /* trip_tab.png */; };
		16807F6813BEA0AE0036F89E /* trip_tab@2x.png in Resources */ = {isa = PBXBuildFile; fileRef = 16807F6213BEA0AE0036F89E /* trip_tab@2x.png */; };
		16A707AC13B9FFE600A0E93F /* NameInputViewController.m in Sources */ = {isa = PBXBuildFile; fileRef = 16A707AB13B9FFE600A0E93F /* NameInputViewController.m */; };
		16A707AF13BA057D00A0E93F /* NameInputViewController.xib in Resources */ = {isa = PBXBuildFile; fileRef = 16A707AE13BA057D00A0E93F /* NameInputViewController.xib */; };
		16A707BA13BA1BA600A0E93F /* NSMutableArray+Vehicle.m in Sources */ = {isa = PBXBuildFile; fileRef = 16A707B913BA1BA600A0E93F /* NSMutableArray+Vehicle.m */; };
		16A707BD13BA240700A0E93F /* SavingsData.m in Sources */ = {isa = PBXBuildFile; fileRef = 16A707BC13BA240700A0E93F /* SavingsData.m */; };
		16B5F7E813BB81CE00DEE869 /* DistanceInputViewController.m in Sources */ = {isa = PBXBuildFile; fileRef = 16B5F7E713BB81CE00DEE869 /* DistanceInputViewController.m */; };
		16B5F7EB13BB81FD00DEE869 /* DistanceInputViewController.xib in Resources */ = {isa = PBXBuildFile; fileRef = 16B5F7EA13BB81FD00DEE869 /* DistanceInputViewController.xib */; };
		16B5F7EE13BB9D4D00DEE869 /* OwnerInputViewController.m in Sources */ = {isa = PBXBuildFile; fileRef = 16B5F7ED13BB9D4D00DEE869 /* OwnerInputViewController.m */; };
		16B5F7F013BB9D8100DEE869 /* OwnerInputViewController.xib in Resources */ = {isa = PBXBuildFile; fileRef = 16B5F7EF13BB9D8100DEE869 /* OwnerInputViewController.xib */; };
		16C9E31E13E83E71001809B2 /* TotalView.m in Sources */ = {isa = PBXBuildFile; fileRef = 16C9E31D13E83E71001809B2 /* TotalView.m */; };
		16CBB87813D0805F00E8BD05 /* Trip.m in Sources */ = {isa = PBXBuildFile; fileRef = 16CBB87713D0805F00E8BD05 /* Trip.m */; };
		16CBB87A13D0907200E8BD05 /* FuelSavingsHelpers.m in Sources */ = {isa = PBXBuildFile; fileRef = 16CBB87913D0907200E8BD05 /* FuelSavingsHelpers.m */; };
		16D590A413E822B80095EAC3 /* TotalViewCell.m in Sources */ = {isa = PBXBuildFile; fileRef = 16D590A313E822B80095EAC3 /* TotalViewCell.m */; };
/* End PBXBuildFile section */

/* Begin PBXFileReference section */
		1602039E13F5E26400749F1C /* DetailSummaryViewCell.h */ = {isa = PBXFileReference; fileEncoding = 4; lastKnownFileType = sourcecode.c.h; path = DetailSummaryViewCell.h; sourceTree = "<group>"; };
		1602039F13F5E26400749F1C /* DetailSummaryViewCell.m */ = {isa = PBXFileReference; fileEncoding = 4; lastKnownFileType = sourcecode.c.objc; path = DetailSummaryViewCell.m; sourceTree = "<group>"; };
		160203A113F5E4E900749F1C /* car.png */ = {isa = PBXFileReference; lastKnownFileType = image.png; path = car.png; sourceTree = "<group>"; };
		160203A213F5E4E900749F1C /* car@2x.png */ = {isa = PBXFileReference; lastKnownFileType = image.png; path = "car@2x.png"; sourceTree = "<group>"; };
		160ED0B713CA41E5001021F7 /* FileHelpers.h */ = {isa = PBXFileReference; fileEncoding = 4; lastKnownFileType = sourcecode.c.h; path = FileHelpers.h; sourceTree = "<group>"; };
		160ED0B813CA41E5001021F7 /* FileHelpers.m */ = {isa = PBXFileReference; fileEncoding = 4; lastKnownFileType = sourcecode.c.objc; path = FileHelpers.m; sourceTree = "<group>"; };
		161100A513EA035D00D2D2FC /* chart.png */ = {isa = PBXFileReference; lastKnownFileType = image.png; path = chart.png; sourceTree = "<group>"; };
		161100A613EA035D00D2D2FC /* chart@2x.png */ = {isa = PBXFileReference; lastKnownFileType = image.png; path = "chart@2x.png"; sourceTree = "<group>"; };
		161100A713EA035D00D2D2FC /* money.png */ = {isa = PBXFileReference; lastKnownFileType = image.png; path = money.png; sourceTree = "<group>"; };
		161100A813EA035D00D2D2FC /* money@2x.png */ = {isa = PBXFileReference; lastKnownFileType = image.png; path = "money@2x.png"; sourceTree = "<group>"; };
		161F956513BA3BCE00DE5E5C /* TypeInputViewController.h */ = {isa = PBXFileReference; fileEncoding = 4; lastKnownFileType = sourcecode.c.h; path = TypeInputViewController.h; sourceTree = "<group>"; };
		161F956613BA3BCF00DE5E5C /* TypeInputViewController.m */ = {isa = PBXFileReference; fileEncoding = 4; lastKnownFileType = sourcecode.c.objc; lineEnding = 0; path = TypeInputViewController.m; sourceTree = "<group>"; xcLanguageSpecificationIdentifier = xcode.lang.objc; };
		161F956813BA3C0400DE5E5C /* TypeInputViewController.xib */ = {isa = PBXFileReference; fileEncoding = 4; lastKnownFileType = file.xib; path = TypeInputViewController.xib; sourceTree = "<group>"; };
		161F956A13BA474B00DE5E5C /* PriceInputViewController.h */ = {isa = PBXFileReference; fileEncoding = 4; lastKnownFileType = sourcecode.c.h; path = PriceInputViewController.h; sourceTree = "<group>"; };
		161F956B13BA474B00DE5E5C /* PriceInputViewController.m */ = {isa = PBXFileReference; fileEncoding = 4; lastKnownFileType = sourcecode.c.objc; path = PriceInputViewController.m; sourceTree = "<group>"; };
		161F956D13BA479300DE5E5C /* PriceInputViewController.xib */ = {isa = PBXFileReference; fileEncoding = 4; lastKnownFileType = file.xib; path = PriceInputViewController.xib; sourceTree = "<group>"; };
		1620146C13E32D4B00EDFF2B /* MPGDatabase.sqlite */ = {isa = PBXFileReference; lastKnownFileType = file; path = MPGDatabase.sqlite; sourceTree = "<group>"; };
		1620146F13E32DDA00EDFF2B /* CoreData.framework */ = {isa = PBXFileReference; lastKnownFileType = wrapper.framework; name = CoreData.framework; path = System/Library/Frameworks/CoreData.framework; sourceTree = SDKROOT; };
		1620147113E32ECD00EDFF2B /* VehicleDetailsViewController.h */ = {isa = PBXFileReference; fileEncoding = 4; lastKnownFileType = sourcecode.c.h; path = VehicleDetailsViewController.h; sourceTree = "<group>"; };
		1620147213E32ECD00EDFF2B /* VehicleDetailsViewController.m */ = {isa = PBXFileReference; fileEncoding = 4; lastKnownFileType = sourcecode.c.objc; path = VehicleDetailsViewController.m; sourceTree = "<group>"; };
		1620147313E32ECD00EDFF2B /* VehicleSelectViewController.h */ = {isa = PBXFileReference; fileEncoding = 4; lastKnownFileType = sourcecode.c.h; path = VehicleSelectViewController.h; sourceTree = "<group>"; };
		1620147413E32ECD00EDFF2B /* VehicleSelectViewController.m */ = {isa = PBXFileReference; fileEncoding = 4; lastKnownFileType = sourcecode.c.objc; path = VehicleSelectViewController.m; sourceTree = "<group>"; };
		1620147713E32EE700EDFF2B /* VehicleDetailsViewController.xib */ = {isa = PBXFileReference; fileEncoding = 4; lastKnownFileType = file.xib; path = VehicleDetailsViewController.xib; sourceTree = "<group>"; };
		1620147813E32EE700EDFF2B /* VehicleSelectViewController.xib */ = {isa = PBXFileReference; fileEncoding = 4; lastKnownFileType = file.xib; path = VehicleSelectViewController.xib; sourceTree = "<group>"; };
		162535CB13E32B4000162B7A /* MPGDatabaseInfo.h */ = {isa = PBXFileReference; fileEncoding = 4; lastKnownFileType = sourcecode.c.h; path = MPGDatabaseInfo.h; sourceTree = "<group>"; };
		162535CC13E32B4000162B7A /* MPGDatabaseInfo.m */ = {isa = PBXFileReference; fileEncoding = 4; lastKnownFileType = sourcecode.c.objc; path = MPGDatabaseInfo.m; sourceTree = "<group>"; };
		162535CD13E32B4000162B7A /* RLCoreDataObject.h */ = {isa = PBXFileReference; fileEncoding = 4; lastKnownFileType = sourcecode.c.h; path = RLCoreDataObject.h; sourceTree = "<group>"; };
		162535CE13E32B4000162B7A /* RLCoreDataObject.m */ = {isa = PBXFileReference; fileEncoding = 4; lastKnownFileType = sourcecode.c.objc; path = RLCoreDataObject.m; sourceTree = "<group>"; };
		162535D313E32B9200162B7A /* MPGDatabase.xcdatamodel */ = {isa = PBXFileReference; lastKnownFileType = wrapper.xcdatamodel; path = MPGDatabase.xcdatamodel; sourceTree = "<group>"; };
		1628039A13F0361F00848A31 /* NSDictionary+Section.h */ = {isa = PBXFileReference; fileEncoding = 4; lastKnownFileType = sourcecode.c.h; path = "NSDictionary+Section.h"; sourceTree = "<group>"; };
		1628039B13F0361F00848A31 /* NSDictionary+Section.m */ = {isa = PBXFileReference; fileEncoding = 4; lastKnownFileType = sourcecode.c.objc; path = "NSDictionary+Section.m"; sourceTree = "<group>"; };
		1631568D13F6DD740032210F /* details.png */ = {isa = PBXFileReference; lastKnownFileType = image.png; path = details.png; sourceTree = "<group>"; };
		1631568E13F6DD740032210F /* details@2x.png */ = {isa = PBXFileReference; lastKnownFileType = image.png; path = "details@2x.png"; sourceTree = "<group>"; };
		1635AFD613D0C549005FC8EB /* CurrentTripViewController.h */ = {isa = PBXFileReference; fileEncoding = 4; lastKnownFileType = sourcecode.c.h; path = CurrentTripViewController.h; sourceTree = "<group>"; };
		1635AFD713D0C549005FC8EB /* CurrentTripViewController.m */ = {isa = PBXFileReference; fileEncoding = 4; lastKnownFileType = sourcecode.c.objc; path = CurrentTripViewController.m; sourceTree = "<group>"; };
		1635AFD913D0D51F005FC8EB /* CurrentTripViewController.xib */ = {isa = PBXFileReference; fileEncoding = 4; lastKnownFileType = file.xib; path = CurrentTripViewController.xib; sourceTree = "<group>"; };
		16376D8213F5B961002E0036 /* DetailView.h */ = {isa = PBXFileReference; fileEncoding = 4; lastKnownFileType = sourcecode.c.h; path = DetailView.h; sourceTree = "<group>"; };
		16376D8313F5B961002E0036 /* DetailView.m */ = {isa = PBXFileReference; fileEncoding = 4; lastKnownFileType = sourcecode.c.objc; path = DetailView.m; sourceTree = "<group>"; };
		16376D8613F5C690002E0036 /* DetailSummaryView.h */ = {isa = PBXFileReference; fileEncoding = 4; lastKnownFileType = sourcecode.c.h; path = DetailSummaryView.h; sourceTree = "<group>"; };
		16376D8713F5C690002E0036 /* DetailSummaryView.m */ = {isa = PBXFileReference; fileEncoding = 4; lastKnownFileType = sourcecode.c.objc; path = DetailSummaryView.m; sourceTree = "<group>"; };
		1640EC1513BE137F008190C1 /* EfficiencyInputViewController.h */ = {isa = PBXFileReference; fileEncoding = 4; lastKnownFileType = sourcecode.c.h; path = EfficiencyInputViewController.h; sourceTree = "<group>"; };
		1640EC1613BE137F008190C1 /* EfficiencyInputViewController.m */ = {isa = PBXFileReference; fileEncoding = 4; lastKnownFileType = sourcecode.c.objc; path = EfficiencyInputViewController.m; sourceTree = "<group>"; };
		1640EC1913BE13A7008190C1 /* EfficiencyInputViewController.xib */ = {isa = PBXFileReference; fileEncoding = 4; lastKnownFileType = file.xib; path = EfficiencyInputViewController.xib; sourceTree = "<group>"; };
		1641350313ECA5ED00BFD3DD /* add.png */ = {isa = PBXFileReference; lastKnownFileType = image.png; path = add.png; sourceTree = "<group>"; };
		1641350413ECA5ED00BFD3DD /* add@2x.png */ = {isa = PBXFileReference; lastKnownFileType = image.png; path = "add@2x.png"; sourceTree = "<group>"; };
		1643A65813E9B8F9005F2F1F /* TotalDetailViewCell.h */ = {isa = PBXFileReference; fileEncoding = 4; lastKnownFileType = sourcecode.c.h; path = TotalDetailViewCell.h; sourceTree = "<group>"; };
		1643A65913E9B8F9005F2F1F /* TotalDetailViewCell.m */ = {isa = PBXFileReference; fileEncoding = 4; lastKnownFileType = sourcecode.c.objc; path = TotalDetailViewCell.m; sourceTree = "<group>"; };
		1654418C13CC88690060D1C3 /* savings_tab.png */ = {isa = PBXFileReference; lastKnownFileType = image.png; path = savings_tab.png; sourceTree = "<group>"; };
		1654418D13CC88690060D1C3 /* savings_tab@2x.png */ = {isa = PBXFileReference; lastKnownFileType = image.png; path = "savings_tab@2x.png"; sourceTree = "<group>"; };
		1658291113B9262100BC5219 /* CurrentSavingsViewController.h */ = {isa = PBXFileReference; fileEncoding = 4; lastKnownFileType = sourcecode.c.h; path = CurrentSavingsViewController.h; sourceTree = "<group>"; };
		1658291213B9262100BC5219 /* CurrentSavingsViewController.m */ = {isa = PBXFileReference; fileEncoding = 4; lastKnownFileType = sourcecode.c.objc; lineEnding = 0; path = CurrentSavingsViewController.m; sourceTree = "<group>"; xcLanguageSpecificationIdentifier = xcode.lang.objc; };
		1658291413B9264700BC5219 /* CurrentSavingsViewController.xib */ = {isa = PBXFileReference; fileEncoding = 4; lastKnownFileType = file.xib; path = CurrentSavingsViewController.xib; sourceTree = "<group>"; };
		165ACFB213B937D200A2AD3E /* topbar.png */ = {isa = PBXFileReference; lastKnownFileType = image.png; path = topbar.png; sourceTree = "<group>"; };
		165ACFB313B937D200A2AD3E /* topbar@2x.png */ = {isa = PBXFileReference; lastKnownFileType = image.png; path = "topbar@2x.png"; sourceTree = "<group>"; };
		165ACFD113B9737A00A2AD3E /* fuel_tab.png */ = {isa = PBXFileReference; lastKnownFileType = image.png; path = fuel_tab.png; sourceTree = "<group>"; };
		165ACFD213B9737A00A2AD3E /* fuel_tab@2x.png */ = {isa = PBXFileReference; lastKnownFileType = image.png; path = "fuel_tab@2x.png"; sourceTree = "<group>"; };
		165ACFD313B9737A00A2AD3E /* mpg_tab.png */ = {isa = PBXFileReference; lastKnownFileType = image.png; path = mpg_tab.png; sourceTree = "<group>"; };
		165ACFD413B9737A00A2AD3E /* mpg_tab@2x.png */ = {isa = PBXFileReference; lastKnownFileType = image.png; path = "mpg_tab@2x.png"; sourceTree = "<group>"; };
		165ACFD713B9737A00A2AD3E /* settings_tab.png */ = {isa = PBXFileReference; lastKnownFileType = image.png; path = settings_tab.png; sourceTree = "<group>"; };
		165ACFD813B9737A00A2AD3E /* settings_tab@2x.png */ = {isa = PBXFileReference; lastKnownFileType = image.png; path = "settings_tab@2x.png"; sourceTree = "<group>"; };
		1666FCEB13B8FA8B00FC97F1 /* Fuel Savings.app */ = {isa = PBXFileReference; explicitFileType = wrapper.application; includeInIndex = 0; path = "Fuel Savings.app"; sourceTree = BUILT_PRODUCTS_DIR; };
		1666FCEF13B8FA8B00FC97F1 /* UIKit.framework */ = {isa = PBXFileReference; lastKnownFileType = wrapper.framework; name = UIKit.framework; path = System/Library/Frameworks/UIKit.framework; sourceTree = SDKROOT; };
		1666FCF113B8FA8B00FC97F1 /* Foundation.framework */ = {isa = PBXFileReference; lastKnownFileType = wrapper.framework; name = Foundation.framework; path = System/Library/Frameworks/Foundation.framework; sourceTree = SDKROOT; };
		1666FCF313B8FA8B00FC97F1 /* CoreGraphics.framework */ = {isa = PBXFileReference; lastKnownFileType = wrapper.framework; name = CoreGraphics.framework; path = System/Library/Frameworks/CoreGraphics.framework; sourceTree = SDKROOT; };
		1666FCF713B8FA8B00FC97F1 /* Fuel Savings-Info.plist */ = {isa = PBXFileReference; lastKnownFileType = text.plist.xml; path = "Fuel Savings-Info.plist"; sourceTree = "<group>"; };
		1666FCF913B8FA8B00FC97F1 /* en */ = {isa = PBXFileReference; lastKnownFileType = text.plist.strings; name = en; path = en.lproj/InfoPlist.strings; sourceTree = "<group>"; };
		1666FCFB13B8FA8B00FC97F1 /* Fuel Savings-Prefix.pch */ = {isa = PBXFileReference; lastKnownFileType = sourcecode.c.h; path = "Fuel Savings-Prefix.pch"; sourceTree = "<group>"; };
		1666FCFC13B8FA8B00FC97F1 /* main.m */ = {isa = PBXFileReference; lastKnownFileType = sourcecode.c.objc; path = main.m; sourceTree = "<group>"; };
		1666FCFE13B8FA8B00FC97F1 /* Fuel_SavingsAppDelegate.h */ = {isa = PBXFileReference; lastKnownFileType = sourcecode.c.h; path = Fuel_SavingsAppDelegate.h; sourceTree = "<group>"; };
		1666FCFF13B8FA8B00FC97F1 /* Fuel_SavingsAppDelegate.m */ = {isa = PBXFileReference; lastKnownFileType = sourcecode.c.objc; path = Fuel_SavingsAppDelegate.m; sourceTree = "<group>"; };
		1666FD0213B8FA8B00FC97F1 /* en */ = {isa = PBXFileReference; lastKnownFileType = file.xib; name = en; path = en.lproj/MainWindow.xib; sourceTree = "<group>"; };
		1666FD0913B8FAC500FC97F1 /* Icon-72.png */ = {isa = PBXFileReference; lastKnownFileType = image.png; path = "Icon-72.png"; sourceTree = "<group>"; };
		1666FD0A13B8FAC500FC97F1 /* Icon-Small-50.png */ = {isa = PBXFileReference; lastKnownFileType = image.png; path = "Icon-Small-50.png"; sourceTree = "<group>"; };
		1666FD0B13B8FAC500FC97F1 /* Icon-Small.png */ = {isa = PBXFileReference; lastKnownFileType = image.png; path = "Icon-Small.png"; sourceTree = "<group>"; };
		1666FD0C13B8FAC500FC97F1 /* Icon-Small@2x.png */ = {isa = PBXFileReference; lastKnownFileType = image.png; path = "Icon-Small@2x.png"; sourceTree = "<group>"; };
		1666FD0F13B8FAC500FC97F1 /* iTunesArtwork.png */ = {isa = PBXFileReference; lastKnownFileType = image.png; path = iTunesArtwork.png; sourceTree = "<group>"; };
		1666FD1B13B8FB4D00FC97F1 /* Savings.h */ = {isa = PBXFileReference; fileEncoding = 4; lastKnownFileType = sourcecode.c.h; lineEnding = 0; path = Savings.h; sourceTree = "<group>"; xcLanguageSpecificationIdentifier = xcode.lang.objcpp; };
		1666FD1C13B8FB4D00FC97F1 /* Savings.m */ = {isa = PBXFileReference; fileEncoding = 4; lastKnownFileType = sourcecode.c.objc; lineEnding = 0; path = Savings.m; sourceTree = "<group>"; xcLanguageSpecificationIdentifier = xcode.lang.objc; };
		1666FD1E13B8FB5D00FC97F1 /* Vehicle.h */ = {isa = PBXFileReference; fileEncoding = 4; lastKnownFileType = sourcecode.c.h; path = Vehicle.h; sourceTree = "<group>"; };
		1666FD1F13B8FB5D00FC97F1 /* Vehicle.m */ = {isa = PBXFileReference; fileEncoding = 4; lastKnownFileType = sourcecode.c.objc; path = Vehicle.m; sourceTree = "<group>"; };
		1666FD2913B9108B00FC97F1 /* FuelSavingsViewController.h */ = {isa = PBXFileReference; fileEncoding = 4; lastKnownFileType = sourcecode.c.h; path = FuelSavingsViewController.h; sourceTree = "<group>"; };
		1666FD2A13B9108B00FC97F1 /* FuelSavingsViewController.m */ = {isa = PBXFileReference; fileEncoding = 4; lastKnownFileType = sourcecode.c.objc; path = FuelSavingsViewController.m; sourceTree = "<group>"; };
		1666FD2D13B910D300FC97F1 /* MySavingsViewController.h */ = {isa = PBXFileReference; fileEncoding = 4; lastKnownFileType = sourcecode.c.h; path = MySavingsViewController.h; sourceTree = "<group>"; };
		1666FD2E13B910D300FC97F1 /* MySavingsViewController.m */ = {isa = PBXFileReference; fileEncoding = 4; lastKnownFileType = sourcecode.c.objc; path = MySavingsViewController.m; sourceTree = "<group>"; };
		1666FD3313B9111300FC97F1 /* SettingsViewController.h */ = {isa = PBXFileReference; fileEncoding = 4; lastKnownFileType = sourcecode.c.h; path = SettingsViewController.h; sourceTree = "<group>"; };
		1666FD3413B9111300FC97F1 /* SettingsViewController.m */ = {isa = PBXFileReference; fileEncoding = 4; lastKnownFileType = sourcecode.c.objc; path = SettingsViewController.m; sourceTree = "<group>"; };
		1666FD3613B911A400FC97F1 /* FuelSavingsViewController.xib */ = {isa = PBXFileReference; fileEncoding = 4; lastKnownFileType = file.xib; path = FuelSavingsViewController.xib; sourceTree = "<group>"; };
		1666FD3813B911B900FC97F1 /* MySavingsViewController.xib */ = {isa = PBXFileReference; fileEncoding = 4; lastKnownFileType = file.xib; path = MySavingsViewController.xib; sourceTree = "<group>"; };
		1666FD3C13B9127B00FC97F1 /* SettingsViewController.xib */ = {isa = PBXFileReference; fileEncoding = 4; lastKnownFileType = file.xib; path = SettingsViewController.xib; sourceTree = "<group>"; };
		1677C05913C64A9F0013CDD3 /* FuelSavingsHelpers.h */ = {isa = PBXFileReference; fileEncoding = 4; lastKnownFileType = sourcecode.c.h; path = FuelSavingsHelpers.h; sourceTree = "<group>"; };
		16807DF613F1EFCE00D1F51D /* piggy_tab.png */ = {isa = PBXFileReference; lastKnownFileType = image.png; path = piggy_tab.png; sourceTree = "<group>"; };
		16807DF713F1EFCE00D1F51D /* piggy_tab@2x.png */ = {isa = PBXFileReference; lastKnownFileType = image.png; path = "piggy_tab@2x.png"; sourceTree = "<group>"; };
		16807E0D13F1F59100D1F51D /* Icon.png */ = {isa = PBXFileReference; lastKnownFileType = image.png; path = Icon.png; sourceTree = "<group>"; };
		16807E0E13F1F59100D1F51D /* Icon@2x.png */ = {isa = PBXFileReference; lastKnownFileType = image.png; path = "Icon@2x.png"; sourceTree = "<group>"; };
		16807E1313F1F68900D1F51D /* tags.png */ = {isa = PBXFileReference; lastKnownFileType = image.png; path = tags.png; sourceTree = "<group>"; };
		16807E1413F1F68900D1F51D /* tags@2x.png */ = {isa = PBXFileReference; lastKnownFileType = image.png; path = "tags@2x.png"; sourceTree = "<group>"; };
		16807E1913F1F9A200D1F51D /* navigation.png */ = {isa = PBXFileReference; lastKnownFileType = image.png; path = navigation.png; sourceTree = "<group>"; };
		16807E1A13F1F9A200D1F51D /* navigation@2x.png */ = {isa = PBXFileReference; lastKnownFileType = image.png; path = "navigation@2x.png"; sourceTree = "<group>"; };
		16807F5713BE9E430036F89E /* TripViewController.h */ = {isa = PBXFileReference; fileEncoding = 4; lastKnownFileType = sourcecode.c.h; path = TripViewController.h; sourceTree = "<group>"; };
		16807F5813BE9E430036F89E /* TripViewController.m */ = {isa = PBXFileReference; fileEncoding = 4; lastKnownFileType = sourcecode.c.objc; path = TripViewController.m; sourceTree = "<group>"; };
		16807F5B13BE9E660036F89E /* TripViewController.xib */ = {isa = PBXFileReference; fileEncoding = 4; lastKnownFileType = file.xib; path = TripViewController.xib; sourceTree = "<group>"; };
		16807F5D13BEA0AE0036F89E /* compare_tab.png */ = {isa = PBXFileReference; lastKnownFileType = image.png; path = compare_tab.png; sourceTree = "<group>"; };
		16807F5E13BEA0AE0036F89E /* compare_tab@2x.png */ = {isa = PBXFileReference; lastKnownFileType = image.png; path = "compare_tab@2x.png"; sourceTree = "<group>"; };
		16807F5F13BEA0AE0036F89E /* saved_tab.png */ = {isa = PBXFileReference; lastKnownFileType = image.png; path = saved_tab.png; sourceTree = "<group>"; };
		16807F6013BEA0AE0036F89E /* saved_tab@2x.png */ = {isa = PBXFileReference; lastKnownFileType = image.png; path = "saved_tab@2x.png"; sourceTree = "<group>"; };
		16807F6113BEA0AE0036F89E /* trip_tab.png */ = {isa = PBXFileReference; lastKnownFileType = image.png; path = trip_tab.png; sourceTree = "<group>"; };
		16807F6213BEA0AE0036F89E /* trip_tab@2x.png */ = {isa = PBXFileReference; lastKnownFileType = image.png; path = "trip_tab@2x.png"; sourceTree = "<group>"; };
		16A707AA13B9FFE600A0E93F /* NameInputViewController.h */ = {isa = PBXFileReference; fileEncoding = 4; lastKnownFileType = sourcecode.c.h; path = NameInputViewController.h; sourceTree = "<group>"; };
		16A707AB13B9FFE600A0E93F /* NameInputViewController.m */ = {isa = PBXFileReference; fileEncoding = 4; lastKnownFileType = sourcecode.c.objc; path = NameInputViewController.m; sourceTree = "<group>"; };
		16A707AE13BA057D00A0E93F /* NameInputViewController.xib */ = {isa = PBXFileReference; fileEncoding = 4; lastKnownFileType = file.xib; path = NameInputViewController.xib; sourceTree = "<group>"; };
		16A707B813BA1BA600A0E93F /* NSMutableArray+Vehicle.h */ = {isa = PBXFileReference; fileEncoding = 4; lastKnownFileType = sourcecode.c.h; path = "NSMutableArray+Vehicle.h"; sourceTree = "<group>"; };
		16A707B913BA1BA600A0E93F /* NSMutableArray+Vehicle.m */ = {isa = PBXFileReference; fileEncoding = 4; lastKnownFileType = sourcecode.c.objc; path = "NSMutableArray+Vehicle.m"; sourceTree = "<group>"; };
		16A707BB13BA240700A0E93F /* SavingsData.h */ = {isa = PBXFileReference; fileEncoding = 4; lastKnownFileType = sourcecode.c.h; path = SavingsData.h; sourceTree = "<group>"; };
		16A707BC13BA240700A0E93F /* SavingsData.m */ = {isa = PBXFileReference; fileEncoding = 4; lastKnownFileType = sourcecode.c.objc; path = SavingsData.m; sourceTree = "<group>"; };
		16B5F7E613BB81CE00DEE869 /* DistanceInputViewController.h */ = {isa = PBXFileReference; fileEncoding = 4; lastKnownFileType = sourcecode.c.h; path = DistanceInputViewController.h; sourceTree = "<group>"; };
		16B5F7E713BB81CE00DEE869 /* DistanceInputViewController.m */ = {isa = PBXFileReference; fileEncoding = 4; lastKnownFileType = sourcecode.c.objc; path = DistanceInputViewController.m; sourceTree = "<group>"; };
		16B5F7EA13BB81FD00DEE869 /* DistanceInputViewController.xib */ = {isa = PBXFileReference; fileEncoding = 4; lastKnownFileType = file.xib; path = DistanceInputViewController.xib; sourceTree = "<group>"; };
		16B5F7EC13BB9D4D00DEE869 /* OwnerInputViewController.h */ = {isa = PBXFileReference; fileEncoding = 4; lastKnownFileType = sourcecode.c.h; path = OwnerInputViewController.h; sourceTree = "<group>"; };
		16B5F7ED13BB9D4D00DEE869 /* OwnerInputViewController.m */ = {isa = PBXFileReference; fileEncoding = 4; lastKnownFileType = sourcecode.c.objc; path = OwnerInputViewController.m; sourceTree = "<group>"; };
		16B5F7EF13BB9D8100DEE869 /* OwnerInputViewController.xib */ = {isa = PBXFileReference; fileEncoding = 4; lastKnownFileType = file.xib; path = OwnerInputViewController.xib; sourceTree = "<group>"; };
		16C9E31C13E83E71001809B2 /* TotalView.h */ = {isa = PBXFileReference; fileEncoding = 4; lastKnownFileType = sourcecode.c.h; path = TotalView.h; sourceTree = "<group>"; };
		16C9E31D13E83E71001809B2 /* TotalView.m */ = {isa = PBXFileReference; fileEncoding = 4; lastKnownFileType = sourcecode.c.objc; path = TotalView.m; sourceTree = "<group>"; };
		16CBB87613D0805F00E8BD05 /* Trip.h */ = {isa = PBXFileReference; fileEncoding = 4; lastKnownFileType = sourcecode.c.h; path = Trip.h; sourceTree = "<group>"; };
		16CBB87713D0805F00E8BD05 /* Trip.m */ = {isa = PBXFileReference; fileEncoding = 4; lastKnownFileType = sourcecode.c.objc; path = Trip.m; sourceTree = "<group>"; };
		16CBB87913D0907200E8BD05 /* FuelSavingsHelpers.m */ = {isa = PBXFileReference; fileEncoding = 4; lastKnownFileType = sourcecode.c.objc; path = FuelSavingsHelpers.m; sourceTree = "<group>"; };
		16D590A213E822B80095EAC3 /* TotalViewCell.h */ = {isa = PBXFileReference; fileEncoding = 4; lastKnownFileType = sourcecode.c.h; path = TotalViewCell.h; sourceTree = "<group>"; };
		16D590A313E822B80095EAC3 /* TotalViewCell.m */ = {isa = PBXFileReference; fileEncoding = 4; lastKnownFileType = sourcecode.c.objc; path = TotalViewCell.m; sourceTree = "<group>"; };
/* End PBXFileReference section */

/* Begin PBXFrameworksBuildPhase section */
		1666FCE813B8FA8B00FC97F1 /* Frameworks */ = {
			isa = PBXFrameworksBuildPhase;
			buildActionMask = 2147483647;
			files = (
				1620147013E32DDA00EDFF2B /* CoreData.framework in Frameworks */,
				1666FCF013B8FA8B00FC97F1 /* UIKit.framework in Frameworks */,
				1666FCF213B8FA8B00FC97F1 /* Foundation.framework in Frameworks */,
				1666FCF413B8FA8B00FC97F1 /* CoreGraphics.framework in Frameworks */,
			);
			runOnlyForDeploymentPostprocessing = 0;
		};
/* End PBXFrameworksBuildPhase section */

/* Begin PBXGroup section */
		1635AFD313D0C496005FC8EB /* Input */ = {
			isa = PBXGroup;
			children = (
				16A707AA13B9FFE600A0E93F /* NameInputViewController.h */,
				16A707AB13B9FFE600A0E93F /* NameInputViewController.m */,
				161F956513BA3BCE00DE5E5C /* TypeInputViewController.h */,
				161F956613BA3BCF00DE5E5C /* TypeInputViewController.m */,
				161F956A13BA474B00DE5E5C /* PriceInputViewController.h */,
				161F956B13BA474B00DE5E5C /* PriceInputViewController.m */,
				16B5F7E613BB81CE00DEE869 /* DistanceInputViewController.h */,
				16B5F7E713BB81CE00DEE869 /* DistanceInputViewController.m */,
				16B5F7EC13BB9D4D00DEE869 /* OwnerInputViewController.h */,
				16B5F7ED13BB9D4D00DEE869 /* OwnerInputViewController.m */,
				1640EC1513BE137F008190C1 /* EfficiencyInputViewController.h */,
				1640EC1613BE137F008190C1 /* EfficiencyInputViewController.m */,
			);
			name = Input;
			sourceTree = "<group>";
		};
		1635AFD513D0C4D3005FC8EB /* Input */ = {
			isa = PBXGroup;
			children = (
				16A707AE13BA057D00A0E93F /* NameInputViewController.xib */,
				161F956813BA3C0400DE5E5C /* TypeInputViewController.xib */,
				161F956D13BA479300DE5E5C /* PriceInputViewController.xib */,
				16B5F7EA13BB81FD00DEE869 /* DistanceInputViewController.xib */,
				16B5F7EF13BB9D8100DEE869 /* OwnerInputViewController.xib */,
				1640EC1913BE13A7008190C1 /* EfficiencyInputViewController.xib */,
			);
			name = Input;
			sourceTree = "<group>";
		};
		165ACFAF13B9374A00A2AD3E /* Custom Views */ = {
			isa = PBXGroup;
			children = (
				16D590A213E822B80095EAC3 /* TotalViewCell.h */,
				16D590A313E822B80095EAC3 /* TotalViewCell.m */,
				16C9E31C13E83E71001809B2 /* TotalView.h */,
				16C9E31D13E83E71001809B2 /* TotalView.m */,
				1643A65813E9B8F9005F2F1F /* TotalDetailViewCell.h */,
				1643A65913E9B8F9005F2F1F /* TotalDetailViewCell.m */,
				16376D8213F5B961002E0036 /* DetailView.h */,
				16376D8313F5B961002E0036 /* DetailView.m */,
				16376D8613F5C690002E0036 /* DetailSummaryView.h */,
				16376D8713F5C690002E0036 /* DetailSummaryView.m */,
				1602039E13F5E26400749F1C /* DetailSummaryViewCell.h */,
				1602039F13F5E26400749F1C /* DetailSummaryViewCell.m */,
			);
			name = "Custom Views";
			sourceTree = "<group>";
		};
		165ACFB113B937A500A2AD3E /* images */ = {
			isa = PBXGroup;
			children = (
				1631568D13F6DD740032210F /* details.png */,
				1631568E13F6DD740032210F /* details@2x.png */,
				160203A113F5E4E900749F1C /* car.png */,
				160203A213F5E4E900749F1C /* car@2x.png */,
				16807E1913F1F9A200D1F51D /* navigation.png */,
				16807E1A13F1F9A200D1F51D /* navigation@2x.png */,
				16807E1313F1F68900D1F51D /* tags.png */,
				16807E1413F1F68900D1F51D /* tags@2x.png */,
				16807DF613F1EFCE00D1F51D /* piggy_tab.png */,
				16807DF713F1EFCE00D1F51D /* piggy_tab@2x.png */,
				1641350313ECA5ED00BFD3DD /* add.png */,
				1641350413ECA5ED00BFD3DD /* add@2x.png */,
				161100A513EA035D00D2D2FC /* chart.png */,
				161100A613EA035D00D2D2FC /* chart@2x.png */,
				161100A713EA035D00D2D2FC /* money.png */,
				161100A813EA035D00D2D2FC /* money@2x.png */,
				1654418C13CC88690060D1C3 /* savings_tab.png */,
				1654418D13CC88690060D1C3 /* savings_tab@2x.png */,
				16807F5D13BEA0AE0036F89E /* compare_tab.png */,
				16807F5E13BEA0AE0036F89E /* compare_tab@2x.png */,
				16807F5F13BEA0AE0036F89E /* saved_tab.png */,
				16807F6013BEA0AE0036F89E /* saved_tab@2x.png */,
				16807F6113BEA0AE0036F89E /* trip_tab.png */,
				16807F6213BEA0AE0036F89E /* trip_tab@2x.png */,
				165ACFD113B9737A00A2AD3E /* fuel_tab.png */,
				165ACFD213B9737A00A2AD3E /* fuel_tab@2x.png */,
				165ACFD313B9737A00A2AD3E /* mpg_tab.png */,
				165ACFD413B9737A00A2AD3E /* mpg_tab@2x.png */,
				165ACFD713B9737A00A2AD3E /* settings_tab.png */,
				165ACFD813B9737A00A2AD3E /* settings_tab@2x.png */,
				165ACFB213B937D200A2AD3E /* topbar.png */,
				165ACFB313B937D200A2AD3E /* topbar@2x.png */,
			);
			name = images;
			sourceTree = "<group>";
		};
		1666FCE013B8FA8B00FC97F1 = {
			isa = PBXGroup;
			children = (
				1666FCF513B8FA8B00FC97F1 /* Fuel Savings */,
				1666FCEE13B8FA8B00FC97F1 /* Frameworks */,
				1666FCEC13B8FA8B00FC97F1 /* Products */,
			);
			sourceTree = "<group>";
		};
		1666FCEC13B8FA8B00FC97F1 /* Products */ = {
			isa = PBXGroup;
			children = (
				1666FCEB13B8FA8B00FC97F1 /* Fuel Savings.app */,
			);
			name = Products;
			sourceTree = "<group>";
		};
		1666FCEE13B8FA8B00FC97F1 /* Frameworks */ = {
			isa = PBXGroup;
			children = (
				1620146F13E32DDA00EDFF2B /* CoreData.framework */,
				1666FCEF13B8FA8B00FC97F1 /* UIKit.framework */,
				1666FCF113B8FA8B00FC97F1 /* Foundation.framework */,
				1666FCF313B8FA8B00FC97F1 /* CoreGraphics.framework */,
			);
			name = Frameworks;
			sourceTree = "<group>";
		};
		1666FCF513B8FA8B00FC97F1 /* Fuel Savings */ = {
			isa = PBXGroup;
			children = (
				1666FCFE13B8FA8B00FC97F1 /* Fuel_SavingsAppDelegate.h */,
				1666FCFF13B8FA8B00FC97F1 /* Fuel_SavingsAppDelegate.m */,
				1666FD1713B8FAD700FC97F1 /* Controllers */,
				1666FD1913B8FAF700FC97F1 /* Model+Data */,
				1666FD1813B8FAEE00FC97F1 /* Helpers */,
				165ACFAF13B9374A00A2AD3E /* Custom Views */,
				1666FD1A13B8FB0800FC97F1 /* Views */,
				1666FCF613B8FA8B00FC97F1 /* Supporting Files */,
			);
			path = "Fuel Savings";
			sourceTree = "<group>";
		};
		1666FCF613B8FA8B00FC97F1 /* Supporting Files */ = {
			isa = PBXGroup;
			children = (
				16807E0D13F1F59100D1F51D /* Icon.png */,
				16807E0E13F1F59100D1F51D /* Icon@2x.png */,
				1620146C13E32D4B00EDFF2B /* MPGDatabase.sqlite */,
				162535D213E32B9200162B7A /* MPGDatabase.xcdatamodeld */,
				165ACFB113B937A500A2AD3E /* images */,
				1666FD0913B8FAC500FC97F1 /* Icon-72.png */,
				1666FD0A13B8FAC500FC97F1 /* Icon-Small-50.png */,
				1666FD0B13B8FAC500FC97F1 /* Icon-Small.png */,
				1666FD0C13B8FAC500FC97F1 /* Icon-Small@2x.png */,
				1666FD0F13B8FAC500FC97F1 /* iTunesArtwork.png */,
				1666FCF713B8FA8B00FC97F1 /* Fuel Savings-Info.plist */,
				1666FCF813B8FA8B00FC97F1 /* InfoPlist.strings */,
				1666FCFB13B8FA8B00FC97F1 /* Fuel Savings-Prefix.pch */,
				1666FCFC13B8FA8B00FC97F1 /* main.m */,
			);
			name = "Supporting Files";
			sourceTree = "<group>";
		};
		1666FD1713B8FAD700FC97F1 /* Controllers */ = {
			isa = PBXGroup;
			children = (
				1666FD2913B9108B00FC97F1 /* FuelSavingsViewController.h */,
				1666FD2A13B9108B00FC97F1 /* FuelSavingsViewController.m */,
				16807F5713BE9E430036F89E /* TripViewController.h */,
				16807F5813BE9E430036F89E /* TripViewController.m */,
				1666FD2D13B910D300FC97F1 /* MySavingsViewController.h */,
				1666FD2E13B910D300FC97F1 /* MySavingsViewController.m */,
				1666FD3313B9111300FC97F1 /* SettingsViewController.h */,
				1666FD3413B9111300FC97F1 /* SettingsViewController.m */,
				1658291113B9262100BC5219 /* CurrentSavingsViewController.h */,
				1658291213B9262100BC5219 /* CurrentSavingsViewController.m */,
				1635AFD613D0C549005FC8EB /* CurrentTripViewController.h */,
				1635AFD713D0C549005FC8EB /* CurrentTripViewController.m */,
				1620147113E32ECD00EDFF2B /* VehicleDetailsViewController.h */,
				1620147213E32ECD00EDFF2B /* VehicleDetailsViewController.m */,
				1620147313E32ECD00EDFF2B /* VehicleSelectViewController.h */,
				1620147413E32ECD00EDFF2B /* VehicleSelectViewController.m */,
				1635AFD313D0C496005FC8EB /* Input */,
			);
			name = Controllers;
			sourceTree = "<group>";
		};
		1666FD1813B8FAEE00FC97F1 /* Helpers */ = {
			isa = PBXGroup;
			children = (
				1677C05913C64A9F0013CDD3 /* FuelSavingsHelpers.h */,
				16CBB87913D0907200E8BD05 /* FuelSavingsHelpers.m */,
				160ED0B713CA41E5001021F7 /* FileHelpers.h */,
				160ED0B813CA41E5001021F7 /* FileHelpers.m */,
				16A707B813BA1BA600A0E93F /* NSMutableArray+Vehicle.h */,
				16A707B913BA1BA600A0E93F /* NSMutableArray+Vehicle.m */,
				1628039A13F0361F00848A31 /* NSDictionary+Section.h */,
				1628039B13F0361F00848A31 /* NSDictionary+Section.m */,
			);
			name = Helpers;
			sourceTree = "<group>";
		};
		1666FD1913B8FAF700FC97F1 /* Model+Data */ = {
			isa = PBXGroup;
			children = (
				162535CB13E32B4000162B7A /* MPGDatabaseInfo.h */,
				162535CC13E32B4000162B7A /* MPGDatabaseInfo.m */,
				162535CD13E32B4000162B7A /* RLCoreDataObject.h */,
				162535CE13E32B4000162B7A /* RLCoreDataObject.m */,
				1666FD1B13B8FB4D00FC97F1 /* Savings.h */,
				1666FD1C13B8FB4D00FC97F1 /* Savings.m */,
				16A707BB13BA240700A0E93F /* SavingsData.h */,
				16A707BC13BA240700A0E93F /* SavingsData.m */,
				16CBB87613D0805F00E8BD05 /* Trip.h */,
				16CBB87713D0805F00E8BD05 /* Trip.m */,
				1666FD1E13B8FB5D00FC97F1 /* Vehicle.h */,
				1666FD1F13B8FB5D00FC97F1 /* Vehicle.m */,
			);
			name = "Model+Data";
			sourceTree = "<group>";
		};
		1666FD1A13B8FB0800FC97F1 /* Views */ = {
			isa = PBXGroup;
			children = (
				1620147713E32EE700EDFF2B /* VehicleDetailsViewController.xib */,
				1620147813E32EE700EDFF2B /* VehicleSelectViewController.xib */,
				1666FD0113B8FA8B00FC97F1 /* MainWindow.xib */,
				1666FD3613B911A400FC97F1 /* FuelSavingsViewController.xib */,
				16807F5B13BE9E660036F89E /* TripViewController.xib */,
				1666FD3813B911B900FC97F1 /* MySavingsViewController.xib */,
				1666FD3C13B9127B00FC97F1 /* SettingsViewController.xib */,
				1658291413B9264700BC5219 /* CurrentSavingsViewController.xib */,
				1635AFD913D0D51F005FC8EB /* CurrentTripViewController.xib */,
				1635AFD513D0C4D3005FC8EB /* Input */,
			);
			name = Views;
			sourceTree = "<group>";
		};
/* End PBXGroup section */

/* Begin PBXNativeTarget section */
		1666FCEA13B8FA8B00FC97F1 /* Fuel Savings */ = {
			isa = PBXNativeTarget;
			buildConfigurationList = 1666FD0613B8FA8B00FC97F1 /* Build configuration list for PBXNativeTarget "Fuel Savings" */;
			buildPhases = (
				1666FCE713B8FA8B00FC97F1 /* Sources */,
				1666FCE813B8FA8B00FC97F1 /* Frameworks */,
				1666FCE913B8FA8B00FC97F1 /* Resources */,
			);
			buildRules = (
			);
			dependencies = (
			);
			name = "Fuel Savings";
			productName = "Fuel Savings";
			productReference = 1666FCEB13B8FA8B00FC97F1 /* Fuel Savings.app */;
			productType = "com.apple.product-type.application";
		};
/* End PBXNativeTarget section */

/* Begin PBXProject section */
		1666FCE213B8FA8B00FC97F1 /* Project object */ = {
			isa = PBXProject;
			buildConfigurationList = 1666FCE513B8FA8B00FC97F1 /* Build configuration list for PBXProject "Fuel Savings" */;
			compatibilityVersion = "Xcode 3.2";
			developmentRegion = English;
			hasScannedForEncodings = 0;
			knownRegions = (
				en,
			);
			mainGroup = 1666FCE013B8FA8B00FC97F1;
			productRefGroup = 1666FCEC13B8FA8B00FC97F1 /* Products */;
			projectDirPath = "";
			projectRoot = "";
			targets = (
				1666FCEA13B8FA8B00FC97F1 /* Fuel Savings */,
			);
		};
/* End PBXProject section */

/* Begin PBXResourcesBuildPhase section */
		1666FCE913B8FA8B00FC97F1 /* Resources */ = {
			isa = PBXResourcesBuildPhase;
			buildActionMask = 2147483647;
			files = (
				1666FCFA13B8FA8B00FC97F1 /* InfoPlist.strings in Resources */,
				1666FD0313B8FA8B00FC97F1 /* MainWindow.xib in Resources */,
				1666FD1013B8FAC500FC97F1 /* Icon-72.png in Resources */,
				1666FD1113B8FAC500FC97F1 /* Icon-Small-50.png in Resources */,
				1666FD1213B8FAC500FC97F1 /* Icon-Small.png in Resources */,
				1666FD1313B8FAC500FC97F1 /* Icon-Small@2x.png in Resources */,
				1666FD1613B8FAC500FC97F1 /* iTunesArtwork.png in Resources */,
				1666FD3713B911A400FC97F1 /* FuelSavingsViewController.xib in Resources */,
				1666FD3913B911B900FC97F1 /* MySavingsViewController.xib in Resources */,
				1666FD3D13B9127B00FC97F1 /* SettingsViewController.xib in Resources */,
				1658291513B9264700BC5219 /* CurrentSavingsViewController.xib in Resources */,
				165ACFB413B937D200A2AD3E /* topbar.png in Resources */,
				165ACFB513B937D200A2AD3E /* topbar@2x.png in Resources */,
				165ACFD913B9737A00A2AD3E /* fuel_tab.png in Resources */,
				165ACFDA13B9737A00A2AD3E /* fuel_tab@2x.png in Resources */,
				165ACFDB13B9737A00A2AD3E /* mpg_tab.png in Resources */,
				165ACFDC13B9737A00A2AD3E /* mpg_tab@2x.png in Resources */,
				165ACFDF13B9737A00A2AD3E /* settings_tab.png in Resources */,
				165ACFE013B9737A00A2AD3E /* settings_tab@2x.png in Resources */,
				16A707AF13BA057D00A0E93F /* NameInputViewController.xib in Resources */,
				161F956913BA3C0400DE5E5C /* TypeInputViewController.xib in Resources */,
				161F956E13BA479300DE5E5C /* PriceInputViewController.xib in Resources */,
				16B5F7EB13BB81FD00DEE869 /* DistanceInputViewController.xib in Resources */,
				16B5F7F013BB9D8100DEE869 /* OwnerInputViewController.xib in Resources */,
				1640EC1A13BE13A7008190C1 /* EfficiencyInputViewController.xib in Resources */,
				16807F5C13BE9E660036F89E /* TripViewController.xib in Resources */,
				16807F6313BEA0AE0036F89E /* compare_tab.png in Resources */,
				16807F6413BEA0AE0036F89E /* compare_tab@2x.png in Resources */,
				16807F6513BEA0AE0036F89E /* saved_tab.png in Resources */,
				16807F6613BEA0AE0036F89E /* saved_tab@2x.png in Resources */,
				16807F6713BEA0AE0036F89E /* trip_tab.png in Resources */,
				16807F6813BEA0AE0036F89E /* trip_tab@2x.png in Resources */,
				1654418E13CC88690060D1C3 /* savings_tab.png in Resources */,
				1654418F13CC88690060D1C3 /* savings_tab@2x.png in Resources */,
				1635AFDA13D0D51F005FC8EB /* CurrentTripViewController.xib in Resources */,
				1620146D13E32D4B00EDFF2B /* MPGDatabase.sqlite in Resources */,
				1620147913E32EE700EDFF2B /* VehicleDetailsViewController.xib in Resources */,
				1620147A13E32EE700EDFF2B /* VehicleSelectViewController.xib in Resources */,
				161100A913EA035D00D2D2FC /* chart.png in Resources */,
				161100AA13EA035D00D2D2FC /* chart@2x.png in Resources */,
				161100AB13EA035D00D2D2FC /* money.png in Resources */,
				161100AC13EA035D00D2D2FC /* money@2x.png in Resources */,
				1641350513ECA5ED00BFD3DD /* add.png in Resources */,
				1641350613ECA5ED00BFD3DD /* add@2x.png in Resources */,
				16807DFC13F1EFCE00D1F51D /* piggy_tab.png in Resources */,
				16807DFD13F1EFCE00D1F51D /* piggy_tab@2x.png in Resources */,
				16807E0F13F1F59100D1F51D /* Icon.png in Resources */,
				16807E1013F1F59100D1F51D /* Icon@2x.png in Resources */,
				16807E1713F1F68900D1F51D /* tags.png in Resources */,
				16807E1813F1F68900D1F51D /* tags@2x.png in Resources */,
				16807E1B13F1F9A200D1F51D /* navigation.png in Resources */,
				16807E1C13F1F9A200D1F51D /* navigation@2x.png in Resources */,
				160203A513F5E4E900749F1C /* car.png in Resources */,
				160203A613F5E4E900749F1C /* car@2x.png in Resources */,
				1631568F13F6DD740032210F /* details.png in Resources */,
				1631569013F6DD740032210F /* details@2x.png in Resources */,
			);
			runOnlyForDeploymentPostprocessing = 0;
		};
/* End PBXResourcesBuildPhase section */

/* Begin PBXSourcesBuildPhase section */
		1666FCE713B8FA8B00FC97F1 /* Sources */ = {
			isa = PBXSourcesBuildPhase;
			buildActionMask = 2147483647;
			files = (
				1666FCFD13B8FA8B00FC97F1 /* main.m in Sources */,
				1666FD0013B8FA8B00FC97F1 /* Fuel_SavingsAppDelegate.m in Sources */,
				1666FD1D13B8FB4D00FC97F1 /* Savings.m in Sources */,
				1666FD2013B8FB5D00FC97F1 /* Vehicle.m in Sources */,
				1666FD2B13B9108B00FC97F1 /* FuelSavingsViewController.m in Sources */,
				1666FD2F13B910D300FC97F1 /* MySavingsViewController.m in Sources */,
				1666FD3513B9111300FC97F1 /* SettingsViewController.m in Sources */,
				1658291313B9262100BC5219 /* CurrentSavingsViewController.m in Sources */,
				16A707AC13B9FFE600A0E93F /* NameInputViewController.m in Sources */,
				16A707BA13BA1BA600A0E93F /* NSMutableArray+Vehicle.m in Sources */,
				16A707BD13BA240700A0E93F /* SavingsData.m in Sources */,
				161F956713BA3BCF00DE5E5C /* TypeInputViewController.m in Sources */,
				161F956C13BA474C00DE5E5C /* PriceInputViewController.m in Sources */,
				16B5F7E813BB81CE00DEE869 /* DistanceInputViewController.m in Sources */,
				16B5F7EE13BB9D4D00DEE869 /* OwnerInputViewController.m in Sources */,
				1640EC1713BE137F008190C1 /* EfficiencyInputViewController.m in Sources */,
				16807F5913BE9E430036F89E /* TripViewController.m in Sources */,
				160ED0B913CA41E5001021F7 /* FileHelpers.m in Sources */,
				16CBB87813D0805F00E8BD05 /* Trip.m in Sources */,
				16CBB87A13D0907200E8BD05 /* FuelSavingsHelpers.m in Sources */,
				1635AFD813D0C549005FC8EB /* CurrentTripViewController.m in Sources */,
				162535CF13E32B4000162B7A /* MPGDatabaseInfo.m in Sources */,
				162535D013E32B4000162B7A /* RLCoreDataObject.m in Sources */,
				162535D413E32B9200162B7A /* MPGDatabase.xcdatamodeld in Sources */,
				1620147513E32ECD00EDFF2B /* VehicleDetailsViewController.m in Sources */,
				1620147613E32ECD00EDFF2B /* VehicleSelectViewController.m in Sources */,
				16D590A413E822B80095EAC3 /* TotalViewCell.m in Sources */,
				16C9E31E13E83E71001809B2 /* TotalView.m in Sources */,
				1643A65A13E9B8F9005F2F1F /* TotalDetailViewCell.m in Sources */,
				1628039C13F0361F00848A31 /* NSDictionary+Section.m in Sources */,
				16376D8413F5B961002E0036 /* DetailView.m in Sources */,
				16376D8813F5C690002E0036 /* DetailSummaryView.m in Sources */,
				160203A013F5E26400749F1C /* DetailSummaryViewCell.m in Sources */,
			);
			runOnlyForDeploymentPostprocessing = 0;
		};
/* End PBXSourcesBuildPhase section */

/* Begin PBXVariantGroup section */
		1666FCF813B8FA8B00FC97F1 /* InfoPlist.strings */ = {
			isa = PBXVariantGroup;
			children = (
				1666FCF913B8FA8B00FC97F1 /* en */,
			);
			name = InfoPlist.strings;
			sourceTree = "<group>";
		};
		1666FD0113B8FA8B00FC97F1 /* MainWindow.xib */ = {
			isa = PBXVariantGroup;
			children = (
				1666FD0213B8FA8B00FC97F1 /* en */,
			);
			name = MainWindow.xib;
			sourceTree = "<group>";
		};
/* End PBXVariantGroup section */

/* Begin XCBuildConfiguration section */
		1666FD0413B8FA8B00FC97F1 /* Debug */ = {
			isa = XCBuildConfiguration;
			buildSettings = {
				ARCHS = "$(ARCHS_STANDARD_32_BIT)";
				CODE_SIGN_IDENTITY = "iPhone Developer";
				"CODE_SIGN_IDENTITY[sdk=iphoneos*]" = "iPhone Developer";
				GCC_C_LANGUAGE_STANDARD = gnu99;
				GCC_OPTIMIZATION_LEVEL = 0;
				GCC_PREPROCESSOR_DEFINITIONS = DEBUG;
				GCC_SYMBOLS_PRIVATE_EXTERN = NO;
				GCC_VERSION = com.apple.compilers.llvmgcc42;
				GCC_WARN_ABOUT_RETURN_TYPE = YES;
				GCC_WARN_UNUSED_VARIABLE = YES;
				IPHONEOS_DEPLOYMENT_TARGET = 4.3;
				PROVISIONING_PROFILE = "";
				SDKROOT = iphoneos;
			};
			name = Debug;
		};
		1666FD0513B8FA8B00FC97F1 /* Release */ = {
			isa = XCBuildConfiguration;
			buildSettings = {
				ARCHS = "$(ARCHS_STANDARD_32_BIT)";
				"CODE_SIGN_IDENTITY[sdk=iphoneos*]" = "iPhone Distribution";
				GCC_C_LANGUAGE_STANDARD = gnu99;
				GCC_VERSION = com.apple.compilers.llvmgcc42;
				GCC_WARN_ABOUT_RETURN_TYPE = YES;
				GCC_WARN_UNUSED_VARIABLE = YES;
				IPHONEOS_DEPLOYMENT_TARGET = 4.3;
				OTHER_CFLAGS = "-DNS_BLOCK_ASSERTIONS=1";
				"PROVISIONING_PROFILE[sdk=iphoneos*]" = "";
				SDKROOT = iphoneos;
			};
			name = Release;
		};
		1666FD0713B8FA8B00FC97F1 /* Debug */ = {
			isa = XCBuildConfiguration;
			buildSettings = {
				ALWAYS_SEARCH_USER_PATHS = NO;
				COPY_PHASE_STRIP = NO;
				GCC_DYNAMIC_NO_PIC = NO;
				GCC_PRECOMPILE_PREFIX_HEADER = YES;
				GCC_PREFIX_HEADER = "Fuel Savings/Fuel Savings-Prefix.pch";
				INFOPLIST_FILE = "Fuel Savings/Fuel Savings-Info.plist";
				PRODUCT_NAME = "$(TARGET_NAME)";
				WRAPPER_EXTENSION = app;
			};
			name = Debug;
		};
		1666FD0813B8FA8B00FC97F1 /* Release */ = {
			isa = XCBuildConfiguration;
			buildSettings = {
				ALWAYS_SEARCH_USER_PATHS = NO;
				COPY_PHASE_STRIP = YES;
				GCC_PRECOMPILE_PREFIX_HEADER = YES;
				GCC_PREFIX_HEADER = "Fuel Savings/Fuel Savings-Prefix.pch";
				INFOPLIST_FILE = "Fuel Savings/Fuel Savings-Info.plist";
				PRODUCT_NAME = "$(TARGET_NAME)";
				VALIDATE_PRODUCT = YES;
				WRAPPER_EXTENSION = app;
			};
			name = Release;
		};
/* End XCBuildConfiguration section */

/* Begin XCConfigurationList section */
		1666FCE513B8FA8B00FC97F1 /* Build configuration list for PBXProject "Fuel Savings" */ = {
			isa = XCConfigurationList;
			buildConfigurations = (
				1666FD0413B8FA8B00FC97F1 /* Debug */,
				1666FD0513B8FA8B00FC97F1 /* Release */,
			);
			defaultConfigurationIsVisible = 0;
			defaultConfigurationName = Release;
		};
		1666FD0613B8FA8B00FC97F1 /* Build configuration list for PBXNativeTarget "Fuel Savings" */ = {
			isa = XCConfigurationList;
			buildConfigurations = (
				1666FD0713B8FA8B00FC97F1 /* Debug */,
				1666FD0813B8FA8B00FC97F1 /* Release */,
			);
			defaultConfigurationIsVisible = 0;
			defaultConfigurationName = Release;
		};
/* End XCConfigurationList section */

/* Begin XCVersionGroup section */
		162535D213E32B9200162B7A /* MPGDatabase.xcdatamodeld */ = {
			isa = XCVersionGroup;
			children = (
				162535D313E32B9200162B7A /* MPGDatabase.xcdatamodel */,
			);
			currentVersion = 162535D313E32B9200162B7A /* MPGDatabase.xcdatamodel */;
			path = MPGDatabase.xcdatamodeld;
			sourceTree = "<group>";
			versionGroupType = wrapper.xcdatamodel;
		};
/* End XCVersionGroup section */
	};
	rootObject = 1666FCE213B8FA8B00FC97F1 /* Project object */;
}
