// !$*UTF8*$!
{
	archiveVersion = 1;
	classes = {
	};
	objectVersion = 46;
	objects = {

/* Begin PBXBuildFile section */
		161F956713BA3BCF00DE5E5C /* TypeInputViewController.m in Sources */ = {isa = PBXBuildFile; fileRef = 161F956613BA3BCF00DE5E5C /* TypeInputViewController.m */; };
		161F956913BA3C0400DE5E5C /* TypeInputViewController.xib in Resources */ = {isa = PBXBuildFile; fileRef = 161F956813BA3C0400DE5E5C /* TypeInputViewController.xib */; };
		161F956C13BA474C00DE5E5C /* PriceInputViewController.m in Sources */ = {isa = PBXBuildFile; fileRef = 161F956B13BA474B00DE5E5C /* PriceInputViewController.m */; };
		161F956E13BA479300DE5E5C /* PriceInputViewController.xib in Resources */ = {isa = PBXBuildFile; fileRef = 161F956D13BA479300DE5E5C /* PriceInputViewController.xib */; };
		1658291313B9262100BC5219 /* CurrentSavingsViewController.m in Sources */ = {isa = PBXBuildFile; fileRef = 1658291213B9262100BC5219 /* CurrentSavingsViewController.m */; };
		1658291513B9264700BC5219 /* CurrentSavingsViewController.xib in Resources */ = {isa = PBXBuildFile; fileRef = 1658291413B9264700BC5219 /* CurrentSavingsViewController.xib */; };
		165ACFB413B937D200A2AD3E /* topbar.png in Resources */ = {isa = PBXBuildFile; fileRef = 165ACFB213B937D200A2AD3E /* topbar.png */; };
		165ACFB513B937D200A2AD3E /* topbar@2x.png in Resources */ = {isa = PBXBuildFile; fileRef = 165ACFB313B937D200A2AD3E /* topbar@2x.png */; };
		165ACFB813B9386600A2AD3E /* RLTopToolbar.m in Sources */ = {isa = PBXBuildFile; fileRef = 165ACFB713B9386600A2AD3E /* RLTopToolbar.m */; };
		165ACFD913B9737A00A2AD3E /* fuel_tab.png in Resources */ = {isa = PBXBuildFile; fileRef = 165ACFD113B9737A00A2AD3E /* fuel_tab.png */; };
		165ACFDA13B9737A00A2AD3E /* fuel_tab@2x.png in Resources */ = {isa = PBXBuildFile; fileRef = 165ACFD213B9737A00A2AD3E /* fuel_tab@2x.png */; };
		165ACFDB13B9737A00A2AD3E /* mpg_tab.png in Resources */ = {isa = PBXBuildFile; fileRef = 165ACFD313B9737A00A2AD3E /* mpg_tab.png */; };
		165ACFDC13B9737A00A2AD3E /* mpg_tab@2x.png in Resources */ = {isa = PBXBuildFile; fileRef = 165ACFD413B9737A00A2AD3E /* mpg_tab@2x.png */; };
		165ACFDF13B9737A00A2AD3E /* settings_tab.png in Resources */ = {isa = PBXBuildFile; fileRef = 165ACFD713B9737A00A2AD3E /* settings_tab.png */; };
		165ACFE013B9737A00A2AD3E /* settings_tab@2x.png in Resources */ = {isa = PBXBuildFile; fileRef = 165ACFD813B9737A00A2AD3E /* settings_tab@2x.png */; };
		165ACFE313B9759500A2AD3E /* saved_tab.png in Resources */ = {isa = PBXBuildFile; fileRef = 165ACFE113B9759500A2AD3E /* saved_tab.png */; };
		165ACFE413B9759500A2AD3E /* saved_tab@2x.png in Resources */ = {isa = PBXBuildFile; fileRef = 165ACFE213B9759500A2AD3E /* saved_tab@2x.png */; };
		1666FCF013B8FA8B00FC97F1 /* UIKit.framework in Frameworks */ = {isa = PBXBuildFile; fileRef = 1666FCEF13B8FA8B00FC97F1 /* UIKit.framework */; };
		1666FCF213B8FA8B00FC97F1 /* Foundation.framework in Frameworks */ = {isa = PBXBuildFile; fileRef = 1666FCF113B8FA8B00FC97F1 /* Foundation.framework */; };
		1666FCF413B8FA8B00FC97F1 /* CoreGraphics.framework in Frameworks */ = {isa = PBXBuildFile; fileRef = 1666FCF313B8FA8B00FC97F1 /* CoreGraphics.framework */; };
		1666FCFA13B8FA8B00FC97F1 /* InfoPlist.strings in Resources */ = {isa = PBXBuildFile; fileRef = 1666FCF813B8FA8B00FC97F1 /* InfoPlist.strings */; };
		1666FCFD13B8FA8B00FC97F1 /* main.m in Sources */ = {isa = PBXBuildFile; fileRef = 1666FCFC13B8FA8B00FC97F1 /* main.m */; };
		1666FD0013B8FA8B00FC97F1 /* Fuel_SavingsAppDelegate.m in Sources */ = {isa = PBXBuildFile; fileRef = 1666FCFF13B8FA8B00FC97F1 /* Fuel_SavingsAppDelegate.m */; };
		1666FD0313B8FA8B00FC97F1 /* MainWindow.xib in Resources */ = {isa = PBXBuildFile; fileRef = 1666FD0113B8FA8B00FC97F1 /* MainWindow.xib */; };
		1666FD1013B8FAC500FC97F1 /* Icon-72.png in Resources */ = {isa = PBXBuildFile; fileRef = 1666FD0913B8FAC500FC97F1 /* Icon-72.png */; };
		1666FD1113B8FAC500FC97F1 /* Icon-Small-50.png in Resources */ = {isa = PBXBuildFile; fileRef = 1666FD0A13B8FAC500FC97F1 /* Icon-Small-50.png */; };
		1666FD1213B8FAC500FC97F1 /* Icon-Small.png in Resources */ = {isa = PBXBuildFile; fileRef = 1666FD0B13B8FAC500FC97F1 /* Icon-Small.png */; };
		1666FD1313B8FAC500FC97F1 /* Icon-Small@2x.png in Resources */ = {isa = PBXBuildFile; fileRef = 1666FD0C13B8FAC500FC97F1 /* Icon-Small@2x.png */; };
		1666FD1413B8FAC500FC97F1 /* Icon.png in Resources */ = {isa = PBXBuildFile; fileRef = 1666FD0D13B8FAC500FC97F1 /* Icon.png */; };
		1666FD1513B8FAC500FC97F1 /* Icon@2x.png in Resources */ = {isa = PBXBuildFile; fileRef = 1666FD0E13B8FAC500FC97F1 /* Icon@2x.png */; };
		1666FD1613B8FAC500FC97F1 /* iTunesArtwork.png in Resources */ = {isa = PBXBuildFile; fileRef = 1666FD0F13B8FAC500FC97F1 /* iTunesArtwork.png */; };
		1666FD1D13B8FB4D00FC97F1 /* SavingsCalculation.m in Sources */ = {isa = PBXBuildFile; fileRef = 1666FD1C13B8FB4D00FC97F1 /* SavingsCalculation.m */; };
		1666FD2013B8FB5D00FC97F1 /* Vehicle.m in Sources */ = {isa = PBXBuildFile; fileRef = 1666FD1F13B8FB5D00FC97F1 /* Vehicle.m */; };
		1666FD2B13B9108B00FC97F1 /* FuelSavingsViewController.m in Sources */ = {isa = PBXBuildFile; fileRef = 1666FD2A13B9108B00FC97F1 /* FuelSavingsViewController.m */; };
		1666FD2F13B910D300FC97F1 /* MySavingsViewController.m in Sources */ = {isa = PBXBuildFile; fileRef = 1666FD2E13B910D300FC97F1 /* MySavingsViewController.m */; };
		1666FD3213B910ED00FC97F1 /* MPGDatabaseViewController.m in Sources */ = {isa = PBXBuildFile; fileRef = 1666FD3113B910ED00FC97F1 /* MPGDatabaseViewController.m */; };
		1666FD3513B9111300FC97F1 /* SettingsViewController.m in Sources */ = {isa = PBXBuildFile; fileRef = 1666FD3413B9111300FC97F1 /* SettingsViewController.m */; };
		1666FD3713B911A400FC97F1 /* FuelSavingsViewController.xib in Resources */ = {isa = PBXBuildFile; fileRef = 1666FD3613B911A400FC97F1 /* FuelSavingsViewController.xib */; };
		1666FD3913B911B900FC97F1 /* MySavingsViewController.xib in Resources */ = {isa = PBXBuildFile; fileRef = 1666FD3813B911B900FC97F1 /* MySavingsViewController.xib */; };
		1666FD3B13B911D100FC97F1 /* MPGDatabaseViewController.xib in Resources */ = {isa = PBXBuildFile; fileRef = 1666FD3A13B911D100FC97F1 /* MPGDatabaseViewController.xib */; };
		1666FD3D13B9127B00FC97F1 /* SettingsViewController.xib in Resources */ = {isa = PBXBuildFile; fileRef = 1666FD3C13B9127B00FC97F1 /* SettingsViewController.xib */; };
		16A707AC13B9FFE600A0E93F /* NameInputViewController.m in Sources */ = {isa = PBXBuildFile; fileRef = 16A707AB13B9FFE600A0E93F /* NameInputViewController.m */; };
		16A707AF13BA057D00A0E93F /* NameInputViewController.xib in Resources */ = {isa = PBXBuildFile; fileRef = 16A707AE13BA057D00A0E93F /* NameInputViewController.xib */; };
		16A707BA13BA1BA600A0E93F /* NSMutableArray+Vehicle.m in Sources */ = {isa = PBXBuildFile; fileRef = 16A707B913BA1BA600A0E93F /* NSMutableArray+Vehicle.m */; };
		16A707BD13BA240700A0E93F /* SavingsData.m in Sources */ = {isa = PBXBuildFile; fileRef = 16A707BC13BA240700A0E93F /* SavingsData.m */; };
/* End PBXBuildFile section */

/* Begin PBXFileReference section */
		161F956513BA3BCE00DE5E5C /* TypeInputViewController.h */ = {isa = PBXFileReference; fileEncoding = 4; lastKnownFileType = sourcecode.c.h; path = TypeInputViewController.h; sourceTree = "<group>"; };
		161F956613BA3BCF00DE5E5C /* TypeInputViewController.m */ = {isa = PBXFileReference; fileEncoding = 4; lastKnownFileType = sourcecode.c.objc; path = TypeInputViewController.m; sourceTree = "<group>"; };
		161F956813BA3C0400DE5E5C /* TypeInputViewController.xib */ = {isa = PBXFileReference; fileEncoding = 4; lastKnownFileType = file.xib; path = TypeInputViewController.xib; sourceTree = "<group>"; };
		161F956A13BA474B00DE5E5C /* PriceInputViewController.h */ = {isa = PBXFileReference; fileEncoding = 4; lastKnownFileType = sourcecode.c.h; path = PriceInputViewController.h; sourceTree = "<group>"; };
		161F956B13BA474B00DE5E5C /* PriceInputViewController.m */ = {isa = PBXFileReference; fileEncoding = 4; lastKnownFileType = sourcecode.c.objc; path = PriceInputViewController.m; sourceTree = "<group>"; };
		161F956D13BA479300DE5E5C /* PriceInputViewController.xib */ = {isa = PBXFileReference; fileEncoding = 4; lastKnownFileType = file.xib; path = PriceInputViewController.xib; sourceTree = "<group>"; };
		1658291113B9262100BC5219 /* CurrentSavingsViewController.h */ = {isa = PBXFileReference; fileEncoding = 4; lastKnownFileType = sourcecode.c.h; path = CurrentSavingsViewController.h; sourceTree = "<group>"; };
		1658291213B9262100BC5219 /* CurrentSavingsViewController.m */ = {isa = PBXFileReference; fileEncoding = 4; lastKnownFileType = sourcecode.c.objc; path = CurrentSavingsViewController.m; sourceTree = "<group>"; };
		1658291413B9264700BC5219 /* CurrentSavingsViewController.xib */ = {isa = PBXFileReference; fileEncoding = 4; lastKnownFileType = file.xib; path = CurrentSavingsViewController.xib; sourceTree = "<group>"; };
		165ACFB213B937D200A2AD3E /* topbar.png */ = {isa = PBXFileReference; lastKnownFileType = image.png; path = topbar.png; sourceTree = "<group>"; };
		165ACFB313B937D200A2AD3E /* topbar@2x.png */ = {isa = PBXFileReference; lastKnownFileType = image.png; path = "topbar@2x.png"; sourceTree = "<group>"; };
		165ACFB613B9386600A2AD3E /* RLTopToolbar.h */ = {isa = PBXFileReference; fileEncoding = 4; lastKnownFileType = sourcecode.c.h; path = RLTopToolbar.h; sourceTree = "<group>"; };
		165ACFB713B9386600A2AD3E /* RLTopToolbar.m */ = {isa = PBXFileReference; fileEncoding = 4; lastKnownFileType = sourcecode.c.objc; path = RLTopToolbar.m; sourceTree = "<group>"; };
		165ACFD113B9737A00A2AD3E /* fuel_tab.png */ = {isa = PBXFileReference; lastKnownFileType = image.png; path = fuel_tab.png; sourceTree = "<group>"; };
		165ACFD213B9737A00A2AD3E /* fuel_tab@2x.png */ = {isa = PBXFileReference; lastKnownFileType = image.png; path = "fuel_tab@2x.png"; sourceTree = "<group>"; };
		165ACFD313B9737A00A2AD3E /* mpg_tab.png */ = {isa = PBXFileReference; lastKnownFileType = image.png; path = mpg_tab.png; sourceTree = "<group>"; };
		165ACFD413B9737A00A2AD3E /* mpg_tab@2x.png */ = {isa = PBXFileReference; lastKnownFileType = image.png; path = "mpg_tab@2x.png"; sourceTree = "<group>"; };
		165ACFD713B9737A00A2AD3E /* settings_tab.png */ = {isa = PBXFileReference; lastKnownFileType = image.png; path = settings_tab.png; sourceTree = "<group>"; };
		165ACFD813B9737A00A2AD3E /* settings_tab@2x.png */ = {isa = PBXFileReference; lastKnownFileType = image.png; path = "settings_tab@2x.png"; sourceTree = "<group>"; };
		165ACFE113B9759500A2AD3E /* saved_tab.png */ = {isa = PBXFileReference; lastKnownFileType = image.png; path = saved_tab.png; sourceTree = "<group>"; };
		165ACFE213B9759500A2AD3E /* saved_tab@2x.png */ = {isa = PBXFileReference; lastKnownFileType = image.png; path = "saved_tab@2x.png"; sourceTree = "<group>"; };
		1666FCEB13B8FA8B00FC97F1 /* Fuel Savings.app */ = {isa = PBXFileReference; explicitFileType = wrapper.application; includeInIndex = 0; path = "Fuel Savings.app"; sourceTree = BUILT_PRODUCTS_DIR; };
		1666FCEF13B8FA8B00FC97F1 /* UIKit.framework */ = {isa = PBXFileReference; lastKnownFileType = wrapper.framework; name = UIKit.framework; path = System/Library/Frameworks/UIKit.framework; sourceTree = SDKROOT; };
		1666FCF113B8FA8B00FC97F1 /* Foundation.framework */ = {isa = PBXFileReference; lastKnownFileType = wrapper.framework; name = Foundation.framework; path = System/Library/Frameworks/Foundation.framework; sourceTree = SDKROOT; };
		1666FCF313B8FA8B00FC97F1 /* CoreGraphics.framework */ = {isa = PBXFileReference; lastKnownFileType = wrapper.framework; name = CoreGraphics.framework; path = System/Library/Frameworks/CoreGraphics.framework; sourceTree = SDKROOT; };
		1666FCF713B8FA8B00FC97F1 /* Fuel Savings-Info.plist */ = {isa = PBXFileReference; lastKnownFileType = text.plist.xml; path = "Fuel Savings-Info.plist"; sourceTree = "<group>"; };
		1666FCF913B8FA8B00FC97F1 /* en */ = {isa = PBXFileReference; lastKnownFileType = text.plist.strings; name = en; path = en.lproj/InfoPlist.strings; sourceTree = "<group>"; };
		1666FCFB13B8FA8B00FC97F1 /* Fuel Savings-Prefix.pch */ = {isa = PBXFileReference; lastKnownFileType = sourcecode.c.h; path = "Fuel Savings-Prefix.pch"; sourceTree = "<group>"; };
		1666FCFC13B8FA8B00FC97F1 /* main.m */ = {isa = PBXFileReference; lastKnownFileType = sourcecode.c.objc; path = main.m; sourceTree = "<group>"; };
		1666FCFE13B8FA8B00FC97F1 /* Fuel_SavingsAppDelegate.h */ = {isa = PBXFileReference; lastKnownFileType = sourcecode.c.h; path = Fuel_SavingsAppDelegate.h; sourceTree = "<group>"; };
		1666FCFF13B8FA8B00FC97F1 /* Fuel_SavingsAppDelegate.m */ = {isa = PBXFileReference; lastKnownFileType = sourcecode.c.objc; path = Fuel_SavingsAppDelegate.m; sourceTree = "<group>"; };
		1666FD0213B8FA8B00FC97F1 /* en */ = {isa = PBXFileReference; lastKnownFileType = file.xib; name = en; path = en.lproj/MainWindow.xib; sourceTree = "<group>"; };
		1666FD0913B8FAC500FC97F1 /* Icon-72.png */ = {isa = PBXFileReference; lastKnownFileType = image.png; path = "Icon-72.png"; sourceTree = "<group>"; };
		1666FD0A13B8FAC500FC97F1 /* Icon-Small-50.png */ = {isa = PBXFileReference; lastKnownFileType = image.png; path = "Icon-Small-50.png"; sourceTree = "<group>"; };
		1666FD0B13B8FAC500FC97F1 /* Icon-Small.png */ = {isa = PBXFileReference; lastKnownFileType = image.png; path = "Icon-Small.png"; sourceTree = "<group>"; };
		1666FD0C13B8FAC500FC97F1 /* Icon-Small@2x.png */ = {isa = PBXFileReference; lastKnownFileType = image.png; path = "Icon-Small@2x.png"; sourceTree = "<group>"; };
		1666FD0D13B8FAC500FC97F1 /* Icon.png */ = {isa = PBXFileReference; lastKnownFileType = image.png; path = Icon.png; sourceTree = "<group>"; };
		1666FD0E13B8FAC500FC97F1 /* Icon@2x.png */ = {isa = PBXFileReference; lastKnownFileType = image.png; path = "Icon@2x.png"; sourceTree = "<group>"; };
		1666FD0F13B8FAC500FC97F1 /* iTunesArtwork.png */ = {isa = PBXFileReference; lastKnownFileType = image.png; path = iTunesArtwork.png; sourceTree = "<group>"; };
		1666FD1B13B8FB4D00FC97F1 /* SavingsCalculation.h */ = {isa = PBXFileReference; fileEncoding = 4; lastKnownFileType = sourcecode.c.h; path = SavingsCalculation.h; sourceTree = "<group>"; };
		1666FD1C13B8FB4D00FC97F1 /* SavingsCalculation.m */ = {isa = PBXFileReference; fileEncoding = 4; lastKnownFileType = sourcecode.c.objc; path = SavingsCalculation.m; sourceTree = "<group>"; };
		1666FD1E13B8FB5D00FC97F1 /* Vehicle.h */ = {isa = PBXFileReference; fileEncoding = 4; lastKnownFileType = sourcecode.c.h; path = Vehicle.h; sourceTree = "<group>"; };
		1666FD1F13B8FB5D00FC97F1 /* Vehicle.m */ = {isa = PBXFileReference; fileEncoding = 4; lastKnownFileType = sourcecode.c.objc; path = Vehicle.m; sourceTree = "<group>"; };
		1666FD2913B9108B00FC97F1 /* FuelSavingsViewController.h */ = {isa = PBXFileReference; fileEncoding = 4; lastKnownFileType = sourcecode.c.h; path = FuelSavingsViewController.h; sourceTree = "<group>"; };
		1666FD2A13B9108B00FC97F1 /* FuelSavingsViewController.m */ = {isa = PBXFileReference; fileEncoding = 4; lastKnownFileType = sourcecode.c.objc; path = FuelSavingsViewController.m; sourceTree = "<group>"; };
		1666FD2D13B910D300FC97F1 /* MySavingsViewController.h */ = {isa = PBXFileReference; fileEncoding = 4; lastKnownFileType = sourcecode.c.h; path = MySavingsViewController.h; sourceTree = "<group>"; };
		1666FD2E13B910D300FC97F1 /* MySavingsViewController.m */ = {isa = PBXFileReference; fileEncoding = 4; lastKnownFileType = sourcecode.c.objc; path = MySavingsViewController.m; sourceTree = "<group>"; };
		1666FD3013B910ED00FC97F1 /* MPGDatabaseViewController.h */ = {isa = PBXFileReference; fileEncoding = 4; lastKnownFileType = sourcecode.c.h; path = MPGDatabaseViewController.h; sourceTree = "<group>"; };
		1666FD3113B910ED00FC97F1 /* MPGDatabaseViewController.m */ = {isa = PBXFileReference; fileEncoding = 4; lastKnownFileType = sourcecode.c.objc; path = MPGDatabaseViewController.m; sourceTree = "<group>"; };
		1666FD3313B9111300FC97F1 /* SettingsViewController.h */ = {isa = PBXFileReference; fileEncoding = 4; lastKnownFileType = sourcecode.c.h; path = SettingsViewController.h; sourceTree = "<group>"; };
		1666FD3413B9111300FC97F1 /* SettingsViewController.m */ = {isa = PBXFileReference; fileEncoding = 4; lastKnownFileType = sourcecode.c.objc; path = SettingsViewController.m; sourceTree = "<group>"; };
		1666FD3613B911A400FC97F1 /* FuelSavingsViewController.xib */ = {isa = PBXFileReference; fileEncoding = 4; lastKnownFileType = file.xib; path = FuelSavingsViewController.xib; sourceTree = "<group>"; };
		1666FD3813B911B900FC97F1 /* MySavingsViewController.xib */ = {isa = PBXFileReference; fileEncoding = 4; lastKnownFileType = file.xib; path = MySavingsViewController.xib; sourceTree = "<group>"; };
		1666FD3A13B911D100FC97F1 /* MPGDatabaseViewController.xib */ = {isa = PBXFileReference; fileEncoding = 4; lastKnownFileType = file.xib; path = MPGDatabaseViewController.xib; sourceTree = "<group>"; };
		1666FD3C13B9127B00FC97F1 /* SettingsViewController.xib */ = {isa = PBXFileReference; fileEncoding = 4; lastKnownFileType = file.xib; path = SettingsViewController.xib; sourceTree = "<group>"; };
		16A707AA13B9FFE600A0E93F /* NameInputViewController.h */ = {isa = PBXFileReference; fileEncoding = 4; lastKnownFileType = sourcecode.c.h; path = NameInputViewController.h; sourceTree = "<group>"; };
		16A707AB13B9FFE600A0E93F /* NameInputViewController.m */ = {isa = PBXFileReference; fileEncoding = 4; lastKnownFileType = sourcecode.c.objc; path = NameInputViewController.m; sourceTree = "<group>"; };
		16A707AE13BA057D00A0E93F /* NameInputViewController.xib */ = {isa = PBXFileReference; fileEncoding = 4; lastKnownFileType = file.xib; path = NameInputViewController.xib; sourceTree = "<group>"; };
		16A707B813BA1BA600A0E93F /* NSMutableArray+Vehicle.h */ = {isa = PBXFileReference; fileEncoding = 4; lastKnownFileType = sourcecode.c.h; path = "NSMutableArray+Vehicle.h"; sourceTree = "<group>"; };
		16A707B913BA1BA600A0E93F /* NSMutableArray+Vehicle.m */ = {isa = PBXFileReference; fileEncoding = 4; lastKnownFileType = sourcecode.c.objc; path = "NSMutableArray+Vehicle.m"; sourceTree = "<group>"; };
		16A707BB13BA240700A0E93F /* SavingsData.h */ = {isa = PBXFileReference; fileEncoding = 4; lastKnownFileType = sourcecode.c.h; path = SavingsData.h; sourceTree = "<group>"; };
		16A707BC13BA240700A0E93F /* SavingsData.m */ = {isa = PBXFileReference; fileEncoding = 4; lastKnownFileType = sourcecode.c.objc; path = SavingsData.m; sourceTree = "<group>"; };
/* End PBXFileReference section */

/* Begin PBXFrameworksBuildPhase section */
		1666FCE813B8FA8B00FC97F1 /* Frameworks */ = {
			isa = PBXFrameworksBuildPhase;
			buildActionMask = 2147483647;
			files = (
				1666FCF013B8FA8B00FC97F1 /* UIKit.framework in Frameworks */,
				1666FCF213B8FA8B00FC97F1 /* Foundation.framework in Frameworks */,
				1666FCF413B8FA8B00FC97F1 /* CoreGraphics.framework in Frameworks */,
			);
			runOnlyForDeploymentPostprocessing = 0;
		};
/* End PBXFrameworksBuildPhase section */

/* Begin PBXGroup section */
		165ACFAF13B9374A00A2AD3E /* Custom Views */ = {
			isa = PBXGroup;
			children = (
				165ACFB613B9386600A2AD3E /* RLTopToolbar.h */,
				165ACFB713B9386600A2AD3E /* RLTopToolbar.m */,
			);
			name = "Custom Views";
			sourceTree = "<group>";
		};
		165ACFB113B937A500A2AD3E /* images */ = {
			isa = PBXGroup;
			children = (
				165ACFE113B9759500A2AD3E /* saved_tab.png */,
				165ACFE213B9759500A2AD3E /* saved_tab@2x.png */,
				165ACFD113B9737A00A2AD3E /* fuel_tab.png */,
				165ACFD213B9737A00A2AD3E /* fuel_tab@2x.png */,
				165ACFD313B9737A00A2AD3E /* mpg_tab.png */,
				165ACFD413B9737A00A2AD3E /* mpg_tab@2x.png */,
				165ACFD713B9737A00A2AD3E /* settings_tab.png */,
				165ACFD813B9737A00A2AD3E /* settings_tab@2x.png */,
				165ACFB213B937D200A2AD3E /* topbar.png */,
				165ACFB313B937D200A2AD3E /* topbar@2x.png */,
			);
			name = images;
			sourceTree = "<group>";
		};
		1666FCE013B8FA8B00FC97F1 = {
			isa = PBXGroup;
			children = (
				1666FCF513B8FA8B00FC97F1 /* Fuel Savings */,
				1666FCEE13B8FA8B00FC97F1 /* Frameworks */,
				1666FCEC13B8FA8B00FC97F1 /* Products */,
			);
			sourceTree = "<group>";
		};
		1666FCEC13B8FA8B00FC97F1 /* Products */ = {
			isa = PBXGroup;
			children = (
				1666FCEB13B8FA8B00FC97F1 /* Fuel Savings.app */,
			);
			name = Products;
			sourceTree = "<group>";
		};
		1666FCEE13B8FA8B00FC97F1 /* Frameworks */ = {
			isa = PBXGroup;
			children = (
				1666FCEF13B8FA8B00FC97F1 /* UIKit.framework */,
				1666FCF113B8FA8B00FC97F1 /* Foundation.framework */,
				1666FCF313B8FA8B00FC97F1 /* CoreGraphics.framework */,
			);
			name = Frameworks;
			sourceTree = "<group>";
		};
		1666FCF513B8FA8B00FC97F1 /* Fuel Savings */ = {
			isa = PBXGroup;
			children = (
				1666FCFE13B8FA8B00FC97F1 /* Fuel_SavingsAppDelegate.h */,
				1666FCFF13B8FA8B00FC97F1 /* Fuel_SavingsAppDelegate.m */,
				1666FD1713B8FAD700FC97F1 /* Controllers */,
				1666FD1913B8FAF700FC97F1 /* Model+Data */,
				1666FD1813B8FAEE00FC97F1 /* Helpers */,
				165ACFAF13B9374A00A2AD3E /* Custom Views */,
				1666FD1A13B8FB0800FC97F1 /* Views */,
				1666FCF613B8FA8B00FC97F1 /* Supporting Files */,
			);
			path = "Fuel Savings";
			sourceTree = "<group>";
		};
		1666FCF613B8FA8B00FC97F1 /* Supporting Files */ = {
			isa = PBXGroup;
			children = (
				165ACFB113B937A500A2AD3E /* images */,
				1666FD0913B8FAC500FC97F1 /* Icon-72.png */,
				1666FD0A13B8FAC500FC97F1 /* Icon-Small-50.png */,
				1666FD0B13B8FAC500FC97F1 /* Icon-Small.png */,
				1666FD0C13B8FAC500FC97F1 /* Icon-Small@2x.png */,
				1666FD0D13B8FAC500FC97F1 /* Icon.png */,
				1666FD0E13B8FAC500FC97F1 /* Icon@2x.png */,
				1666FD0F13B8FAC500FC97F1 /* iTunesArtwork.png */,
				1666FCF713B8FA8B00FC97F1 /* Fuel Savings-Info.plist */,
				1666FCF813B8FA8B00FC97F1 /* InfoPlist.strings */,
				1666FCFB13B8FA8B00FC97F1 /* Fuel Savings-Prefix.pch */,
				1666FCFC13B8FA8B00FC97F1 /* main.m */,
			);
			name = "Supporting Files";
			sourceTree = "<group>";
		};
		1666FD1713B8FAD700FC97F1 /* Controllers */ = {
			isa = PBXGroup;
			children = (
				1666FD2913B9108B00FC97F1 /* FuelSavingsViewController.h */,
				1666FD2A13B9108B00FC97F1 /* FuelSavingsViewController.m */,
				1666FD2D13B910D300FC97F1 /* MySavingsViewController.h */,
				1666FD2E13B910D300FC97F1 /* MySavingsViewController.m */,
				1666FD3013B910ED00FC97F1 /* MPGDatabaseViewController.h */,
				1666FD3113B910ED00FC97F1 /* MPGDatabaseViewController.m */,
				1666FD3313B9111300FC97F1 /* SettingsViewController.h */,
				1666FD3413B9111300FC97F1 /* SettingsViewController.m */,
				1658291113B9262100BC5219 /* CurrentSavingsViewController.h */,
				1658291213B9262100BC5219 /* CurrentSavingsViewController.m */,
				16A707AA13B9FFE600A0E93F /* NameInputViewController.h */,
				16A707AB13B9FFE600A0E93F /* NameInputViewController.m */,
				161F956513BA3BCE00DE5E5C /* TypeInputViewController.h */,
				161F956613BA3BCF00DE5E5C /* TypeInputViewController.m */,
				161F956A13BA474B00DE5E5C /* PriceInputViewController.h */,
				161F956B13BA474B00DE5E5C /* PriceInputViewController.m */,
			);
			name = Controllers;
			sourceTree = "<group>";
		};
		1666FD1813B8FAEE00FC97F1 /* Helpers */ = {
			isa = PBXGroup;
			children = (
				16A707B813BA1BA600A0E93F /* NSMutableArray+Vehicle.h */,
				16A707B913BA1BA600A0E93F /* NSMutableArray+Vehicle.m */,
			);
			name = Helpers;
			sourceTree = "<group>";
		};
		1666FD1913B8FAF700FC97F1 /* Model+Data */ = {
			isa = PBXGroup;
			children = (
				1666FD1B13B8FB4D00FC97F1 /* SavingsCalculation.h */,
				1666FD1C13B8FB4D00FC97F1 /* SavingsCalculation.m */,
				1666FD1E13B8FB5D00FC97F1 /* Vehicle.h */,
				1666FD1F13B8FB5D00FC97F1 /* Vehicle.m */,
				16A707BB13BA240700A0E93F /* SavingsData.h */,
				16A707BC13BA240700A0E93F /* SavingsData.m */,
			);
			name = "Model+Data";
			sourceTree = "<group>";
		};
		1666FD1A13B8FB0800FC97F1 /* Views */ = {
			isa = PBXGroup;
			children = (
				1666FD0113B8FA8B00FC97F1 /* MainWindow.xib */,
				1666FD3613B911A400FC97F1 /* FuelSavingsViewController.xib */,
				1666FD3813B911B900FC97F1 /* MySavingsViewController.xib */,
				1666FD3A13B911D100FC97F1 /* MPGDatabaseViewController.xib */,
				1666FD3C13B9127B00FC97F1 /* SettingsViewController.xib */,
				1658291413B9264700BC5219 /* CurrentSavingsViewController.xib */,
				16A707AE13BA057D00A0E93F /* NameInputViewController.xib */,
				161F956813BA3C0400DE5E5C /* TypeInputViewController.xib */,
				161F956D13BA479300DE5E5C /* PriceInputViewController.xib */,
			);
			name = Views;
			sourceTree = "<group>";
		};
/* End PBXGroup section */

/* Begin PBXNativeTarget section */
		1666FCEA13B8FA8B00FC97F1 /* Fuel Savings */ = {
			isa = PBXNativeTarget;
			buildConfigurationList = 1666FD0613B8FA8B00FC97F1 /* Build configuration list for PBXNativeTarget "Fuel Savings" */;
			buildPhases = (
				1666FCE713B8FA8B00FC97F1 /* Sources */,
				1666FCE813B8FA8B00FC97F1 /* Frameworks */,
				1666FCE913B8FA8B00FC97F1 /* Resources */,
			);
			buildRules = (
			);
			dependencies = (
			);
			name = "Fuel Savings";
			productName = "Fuel Savings";
			productReference = 1666FCEB13B8FA8B00FC97F1 /* Fuel Savings.app */;
			productType = "com.apple.product-type.application";
		};
/* End PBXNativeTarget section */

/* Begin PBXProject section */
		1666FCE213B8FA8B00FC97F1 /* Project object */ = {
			isa = PBXProject;
			buildConfigurationList = 1666FCE513B8FA8B00FC97F1 /* Build configuration list for PBXProject "Fuel Savings" */;
			compatibilityVersion = "Xcode 3.2";
			developmentRegion = English;
			hasScannedForEncodings = 0;
			knownRegions = (
				en,
			);
			mainGroup = 1666FCE013B8FA8B00FC97F1;
			productRefGroup = 1666FCEC13B8FA8B00FC97F1 /* Products */;
			projectDirPath = "";
			projectRoot = "";
			targets = (
				1666FCEA13B8FA8B00FC97F1 /* Fuel Savings */,
			);
		};
/* End PBXProject section */

/* Begin PBXResourcesBuildPhase section */
		1666FCE913B8FA8B00FC97F1 /* Resources */ = {
			isa = PBXResourcesBuildPhase;
			buildActionMask = 2147483647;
			files = (
				1666FCFA13B8FA8B00FC97F1 /* InfoPlist.strings in Resources */,
				1666FD0313B8FA8B00FC97F1 /* MainWindow.xib in Resources */,
				1666FD1013B8FAC500FC97F1 /* Icon-72.png in Resources */,
				1666FD1113B8FAC500FC97F1 /* Icon-Small-50.png in Resources */,
				1666FD1213B8FAC500FC97F1 /* Icon-Small.png in Resources */,
				1666FD1313B8FAC500FC97F1 /* Icon-Small@2x.png in Resources */,
				1666FD1413B8FAC500FC97F1 /* Icon.png in Resources */,
				1666FD1513B8FAC500FC97F1 /* Icon@2x.png in Resources */,
				1666FD1613B8FAC500FC97F1 /* iTunesArtwork.png in Resources */,
				1666FD3713B911A400FC97F1 /* FuelSavingsViewController.xib in Resources */,
				1666FD3913B911B900FC97F1 /* MySavingsViewController.xib in Resources */,
				1666FD3B13B911D100FC97F1 /* MPGDatabaseViewController.xib in Resources */,
				1666FD3D13B9127B00FC97F1 /* SettingsViewController.xib in Resources */,
				1658291513B9264700BC5219 /* CurrentSavingsViewController.xib in Resources */,
				165ACFB413B937D200A2AD3E /* topbar.png in Resources */,
				165ACFB513B937D200A2AD3E /* topbar@2x.png in Resources */,
				165ACFD913B9737A00A2AD3E /* fuel_tab.png in Resources */,
				165ACFDA13B9737A00A2AD3E /* fuel_tab@2x.png in Resources */,
				165ACFDB13B9737A00A2AD3E /* mpg_tab.png in Resources */,
				165ACFDC13B9737A00A2AD3E /* mpg_tab@2x.png in Resources */,
				165ACFDF13B9737A00A2AD3E /* settings_tab.png in Resources */,
				165ACFE013B9737A00A2AD3E /* settings_tab@2x.png in Resources */,
				165ACFE313B9759500A2AD3E /* saved_tab.png in Resources */,
				165ACFE413B9759500A2AD3E /* saved_tab@2x.png in Resources */,
				16A707AF13BA057D00A0E93F /* NameInputViewController.xib in Resources */,
				161F956913BA3C0400DE5E5C /* TypeInputViewController.xib in Resources */,
				161F956E13BA479300DE5E5C /* PriceInputViewController.xib in Resources */,
			);
			runOnlyForDeploymentPostprocessing = 0;
		};
/* End PBXResourcesBuildPhase section */

/* Begin PBXSourcesBuildPhase section */
		1666FCE713B8FA8B00FC97F1 /* Sources */ = {
			isa = PBXSourcesBuildPhase;
			buildActionMask = 2147483647;
			files = (
				1666FCFD13B8FA8B00FC97F1 /* main.m in Sources */,
				1666FD0013B8FA8B00FC97F1 /* Fuel_SavingsAppDelegate.m in Sources */,
				1666FD1D13B8FB4D00FC97F1 /* SavingsCalculation.m in Sources */,
				1666FD2013B8FB5D00FC97F1 /* Vehicle.m in Sources */,
				1666FD2B13B9108B00FC97F1 /* FuelSavingsViewController.m in Sources */,
				1666FD2F13B910D300FC97F1 /* MySavingsViewController.m in Sources */,
				1666FD3213B910ED00FC97F1 /* MPGDatabaseViewController.m in Sources */,
				1666FD3513B9111300FC97F1 /* SettingsViewController.m in Sources */,
				1658291313B9262100BC5219 /* CurrentSavingsViewController.m in Sources */,
				165ACFB813B9386600A2AD3E /* RLTopToolbar.m in Sources */,
				16A707AC13B9FFE600A0E93F /* NameInputViewController.m in Sources */,
				16A707BA13BA1BA600A0E93F /* NSMutableArray+Vehicle.m in Sources */,
				16A707BD13BA240700A0E93F /* SavingsData.m in Sources */,
				161F956713BA3BCF00DE5E5C /* TypeInputViewController.m in Sources */,
				161F956C13BA474C00DE5E5C /* PriceInputViewController.m in Sources */,
			);
			runOnlyForDeploymentPostprocessing = 0;
		};
/* End PBXSourcesBuildPhase section */

/* Begin PBXVariantGroup section */
		1666FCF813B8FA8B00FC97F1 /* InfoPlist.strings */ = {
			isa = PBXVariantGroup;
			children = (
				1666FCF913B8FA8B00FC97F1 /* en */,
			);
			name = InfoPlist.strings;
			sourceTree = "<group>";
		};
		1666FD0113B8FA8B00FC97F1 /* MainWindow.xib */ = {
			isa = PBXVariantGroup;
			children = (
				1666FD0213B8FA8B00FC97F1 /* en */,
			);
			name = MainWindow.xib;
			sourceTree = "<group>";
		};
/* End PBXVariantGroup section */

/* Begin XCBuildConfiguration section */
		1666FD0413B8FA8B00FC97F1 /* Debug */ = {
			isa = XCBuildConfiguration;
			buildSettings = {
				ARCHS = "$(ARCHS_STANDARD_32_BIT)";
				"CODE_SIGN_IDENTITY[sdk=iphoneos*]" = "iPhone Developer";
				GCC_C_LANGUAGE_STANDARD = gnu99;
				GCC_OPTIMIZATION_LEVEL = 0;
				GCC_PREPROCESSOR_DEFINITIONS = DEBUG;
				GCC_SYMBOLS_PRIVATE_EXTERN = NO;
				GCC_VERSION = com.apple.compilers.llvmgcc42;
				GCC_WARN_ABOUT_RETURN_TYPE = YES;
				GCC_WARN_UNUSED_VARIABLE = YES;
				IPHONEOS_DEPLOYMENT_TARGET = 4.3;
				SDKROOT = iphoneos;
			};
			name = Debug;
		};
		1666FD0513B8FA8B00FC97F1 /* Release */ = {
			isa = XCBuildConfiguration;
			buildSettings = {
				ARCHS = "$(ARCHS_STANDARD_32_BIT)";
				"CODE_SIGN_IDENTITY[sdk=iphoneos*]" = "iPhone Developer";
				GCC_C_LANGUAGE_STANDARD = gnu99;
				GCC_VERSION = com.apple.compilers.llvmgcc42;
				GCC_WARN_ABOUT_RETURN_TYPE = YES;
				GCC_WARN_UNUSED_VARIABLE = YES;
				IPHONEOS_DEPLOYMENT_TARGET = 4.3;
				OTHER_CFLAGS = "-DNS_BLOCK_ASSERTIONS=1";
				SDKROOT = iphoneos;
			};
			name = Release;
		};
		1666FD0713B8FA8B00FC97F1 /* Debug */ = {
			isa = XCBuildConfiguration;
			buildSettings = {
				ALWAYS_SEARCH_USER_PATHS = NO;
				COPY_PHASE_STRIP = NO;
				GCC_DYNAMIC_NO_PIC = NO;
				GCC_PRECOMPILE_PREFIX_HEADER = YES;
				GCC_PREFIX_HEADER = "Fuel Savings/Fuel Savings-Prefix.pch";
				INFOPLIST_FILE = "Fuel Savings/Fuel Savings-Info.plist";
				PRODUCT_NAME = "$(TARGET_NAME)";
				WRAPPER_EXTENSION = app;
			};
			name = Debug;
		};
		1666FD0813B8FA8B00FC97F1 /* Release */ = {
			isa = XCBuildConfiguration;
			buildSettings = {
				ALWAYS_SEARCH_USER_PATHS = NO;
				COPY_PHASE_STRIP = YES;
				GCC_PRECOMPILE_PREFIX_HEADER = YES;
				GCC_PREFIX_HEADER = "Fuel Savings/Fuel Savings-Prefix.pch";
				INFOPLIST_FILE = "Fuel Savings/Fuel Savings-Info.plist";
				PRODUCT_NAME = "$(TARGET_NAME)";
				VALIDATE_PRODUCT = YES;
				WRAPPER_EXTENSION = app;
			};
			name = Release;
		};
/* End XCBuildConfiguration section */

/* Begin XCConfigurationList section */
		1666FCE513B8FA8B00FC97F1 /* Build configuration list for PBXProject "Fuel Savings" */ = {
			isa = XCConfigurationList;
			buildConfigurations = (
				1666FD0413B8FA8B00FC97F1 /* Debug */,
				1666FD0513B8FA8B00FC97F1 /* Release */,
			);
			defaultConfigurationIsVisible = 0;
			defaultConfigurationName = Release;
		};
		1666FD0613B8FA8B00FC97F1 /* Build configuration list for PBXNativeTarget "Fuel Savings" */ = {
			isa = XCConfigurationList;
			buildConfigurations = (
				1666FD0713B8FA8B00FC97F1 /* Debug */,
				1666FD0813B8FA8B00FC97F1 /* Release */,
			);
			defaultConfigurationIsVisible = 0;
			defaultConfigurationName = Release;
		};
/* End XCConfigurationList section */
	};
	rootObject = 1666FCE213B8FA8B00FC97F1 /* Project object */;
}
